{
  "name": "@pgarbe/lambda",
  "version": "0.1.0-alpha.3",
  "lockfileVersion": 1,
  "requires": true,
  "dependencies": {
    "@aws-cdk/assets": {
      "version": "0.39.0",
      "resolved": "https://registry.npmjs.org/@aws-cdk/assets/-/assets-0.39.0.tgz",
      "integrity": "sha512-/BhVtXJJq/trMhgadl1wJViFedMgti6o98HBMWvanuTzBqBkxWcp+3bkRWLKycXyQWf/akFvZVPqcKfhnjp0XQ==",
      "requires": {
        "@aws-cdk/core": "^0.39.0",
        "@aws-cdk/cx-api": "^0.39.0",
        "minimatch": "^3.0.4"
      },
      "dependencies": {
        "balanced-match": {
          "version": "1.0.0",
          "bundled": true
        },
        "brace-expansion": {
          "version": "1.1.11",
          "bundled": true,
          "requires": {
            "balanced-match": "^1.0.0",
            "concat-map": "0.0.1"
          }
        },
        "concat-map": {
          "version": "0.0.1",
          "bundled": true
        },
        "minimatch": {
          "version": "3.0.4",
          "bundled": true,
          "requires": {
            "brace-expansion": "^1.1.7"
          }
        }
      }
    },
    "@aws-cdk/aws-cloudwatch": {
      "version": "0.39.0",
      "resolved": "https://registry.npmjs.org/@aws-cdk/aws-cloudwatch/-/aws-cloudwatch-0.39.0.tgz",
      "integrity": "sha512-3nL6RcIBmWsXoDkk1SyX545e5TfZLtXuLm091x4GqSqeMmfupy1bD1WLgVLYIWw4hH9nN/C3wkiduPfrUAKaqQ==",
      "requires": {
        "@aws-cdk/aws-iam": "^0.39.0",
        "@aws-cdk/core": "^0.39.0"
      }
    },
    "@aws-cdk/aws-ec2": {
      "version": "0.39.0",
      "resolved": "https://registry.npmjs.org/@aws-cdk/aws-ec2/-/aws-ec2-0.39.0.tgz",
      "integrity": "sha512-TtEzgtjNPkPtkonTl44YOkOM2AUjyEQrqd8PnB7apG1Y7UWx+Z63LCqd329hmkkeluN9DwUDJ5qE0GLXhVCwiw==",
      "requires": {
        "@aws-cdk/aws-cloudwatch": "^0.39.0",
        "@aws-cdk/aws-iam": "^0.39.0",
        "@aws-cdk/aws-ssm": "^0.39.0",
        "@aws-cdk/core": "^0.39.0",
        "@aws-cdk/cx-api": "^0.39.0"
      }
    },
    "@aws-cdk/aws-events": {
      "version": "0.39.0",
      "resolved": "https://registry.npmjs.org/@aws-cdk/aws-events/-/aws-events-0.39.0.tgz",
      "integrity": "sha512-LqHrBAqZAzEKCo+OkdfMc5JFoER6JrJxuiCQ27CuzaBxybXWKTk10ykBint2uD1pSNS06OXxDv/LXAqrUxRbuw==",
      "requires": {
        "@aws-cdk/aws-iam": "^0.39.0",
        "@aws-cdk/core": "^0.39.0"
      }
    },
    "@aws-cdk/aws-iam": {
      "version": "0.39.0",
      "resolved": "https://registry.npmjs.org/@aws-cdk/aws-iam/-/aws-iam-0.39.0.tgz",
      "integrity": "sha512-2AXcRbEilC6UUYB/+6rASFkgwfL63etw5XWr2cvqom73/oa8QvsQXql6lvBXO3hXRwQlwB/brCcL25TWb1ePTg==",
      "requires": {
        "@aws-cdk/core": "^0.39.0",
        "@aws-cdk/region-info": "^0.39.0"
      }
    },
    "@aws-cdk/aws-kms": {
      "version": "0.39.0",
      "resolved": "https://registry.npmjs.org/@aws-cdk/aws-kms/-/aws-kms-0.39.0.tgz",
      "integrity": "sha512-er1Zb7fBOUzLoku0iz0UbCR0sA/xXP8zHh/xQ0c8mlqDdGkB+DdSLKjX5f6BjDjJTF2FiiXfsBpWWMCjRroszw==",
      "requires": {
        "@aws-cdk/aws-iam": "^0.39.0",
        "@aws-cdk/core": "^0.39.0"
      }
    },
    "@aws-cdk/aws-lambda": {
      "version": "0.39.0",
      "resolved": "https://registry.npmjs.org/@aws-cdk/aws-lambda/-/aws-lambda-0.39.0.tgz",
      "integrity": "sha512-oQhurQ+NAIsgDNKwDbSXSBSK9bWDwtbanNeGpxjrkmqvCf/+4uhsHkFxCMOGG+JjMKmxPH0Z/nMz+T9po8KVdw==",
      "requires": {
        "@aws-cdk/aws-cloudwatch": "^0.39.0",
        "@aws-cdk/aws-ec2": "^0.39.0",
        "@aws-cdk/aws-events": "^0.39.0",
        "@aws-cdk/aws-iam": "^0.39.0",
        "@aws-cdk/aws-logs": "^0.39.0",
        "@aws-cdk/aws-s3": "^0.39.0",
        "@aws-cdk/aws-s3-assets": "^0.39.0",
        "@aws-cdk/aws-sqs": "^0.39.0",
        "@aws-cdk/core": "^0.39.0",
        "@aws-cdk/cx-api": "^0.39.0"
      }
    },
    "@aws-cdk/aws-logs": {
      "version": "0.39.0",
      "resolved": "https://registry.npmjs.org/@aws-cdk/aws-logs/-/aws-logs-0.39.0.tgz",
      "integrity": "sha512-ywvjJTuqcjG/fG8lYnd6v+Fy2Gok2M5Slet+tQHjXeLrT78110V40xiYEHW24NJOTATc8LVl3QhML9pxoMQoEQ==",
      "requires": {
        "@aws-cdk/aws-cloudwatch": "^0.39.0",
        "@aws-cdk/aws-iam": "^0.39.0",
        "@aws-cdk/core": "^0.39.0"
      }
    },
    "@aws-cdk/aws-s3": {
      "version": "0.39.0",
      "resolved": "https://registry.npmjs.org/@aws-cdk/aws-s3/-/aws-s3-0.39.0.tgz",
      "integrity": "sha512-FD2ZiyHBxVIqSgPDyMopc88jeFtiSAXi9uP4FjZ7WcNYnF/rNqhfSycCEjHvadrKhknvL+OREnIUdkHVfdXIOQ==",
      "requires": {
        "@aws-cdk/aws-events": "^0.39.0",
        "@aws-cdk/aws-iam": "^0.39.0",
        "@aws-cdk/aws-kms": "^0.39.0",
        "@aws-cdk/core": "^0.39.0"
      }
    },
    "@aws-cdk/aws-s3-assets": {
      "version": "0.39.0",
      "resolved": "https://registry.npmjs.org/@aws-cdk/aws-s3-assets/-/aws-s3-assets-0.39.0.tgz",
      "integrity": "sha512-lDKEyxiRFg0Vh+72HBMKWtTsPaWO9JY2F98G5YseEzIu2tjIxvxzrFkl4O2XANinlsWPf7gKMeI9WS+CEWz1yQ==",
      "requires": {
        "@aws-cdk/assets": "^0.39.0",
        "@aws-cdk/aws-iam": "^0.39.0",
        "@aws-cdk/aws-s3": "^0.39.0",
        "@aws-cdk/core": "^0.39.0",
        "@aws-cdk/cx-api": "^0.39.0"
      }
    },
    "@aws-cdk/aws-sqs": {
      "version": "0.39.0",
      "resolved": "https://registry.npmjs.org/@aws-cdk/aws-sqs/-/aws-sqs-0.39.0.tgz",
      "integrity": "sha512-FA6UGvTN55VsF6IwfVXd6lA7xsxUWEie+06yPLSGcEaniuPId+Cvazo7BNQRLUhFz13778lyjThtnUwvBsbYUg==",
      "requires": {
        "@aws-cdk/aws-cloudwatch": "^0.39.0",
        "@aws-cdk/aws-iam": "^0.39.0",
        "@aws-cdk/aws-kms": "^0.39.0",
        "@aws-cdk/core": "^0.39.0"
      }
    },
    "@aws-cdk/aws-ssm": {
      "version": "0.39.0",
      "resolved": "https://registry.npmjs.org/@aws-cdk/aws-ssm/-/aws-ssm-0.39.0.tgz",
      "integrity": "sha512-1oyjhNSv1BofVx9RxAEtfA8WYc5Dw7lgv6jZOaGZ+u7jrjh5WShCJtI5bkOasyKEYgAsk4nPRn2msu65wL8XWw==",
      "requires": {
        "@aws-cdk/aws-iam": "^0.39.0",
        "@aws-cdk/core": "^0.39.0",
        "@aws-cdk/cx-api": "^0.39.0"
      }
    },
    "@aws-cdk/core": {
      "version": "0.39.0",
      "resolved": "https://registry.npmjs.org/@aws-cdk/core/-/core-0.39.0.tgz",
      "integrity": "sha512-pxPScMNfywUauNrrXuCjvLIDZTKm08ltfUy+GLzAyo/Lmn1p8OgClyco2jOQMy2CreZVTxnVeMuYchQgqjXEcA==",
      "requires": {
        "@aws-cdk/cx-api": "^0.39.0"
      }
    },
    "@aws-cdk/cx-api": {
      "version": "0.39.0",
      "resolved": "https://registry.npmjs.org/@aws-cdk/cx-api/-/cx-api-0.39.0.tgz",
      "integrity": "sha512-u2bxYxM7YSWHZVqegcGsyLtFiqYjsMCweJSwYgG6d2iqlCyFz6v5CVoEpaGk9q/Q36KV7gJlep7vPc74FmkwKg==",
      "requires": {
        "semver": "^6.1.1"
      },
      "dependencies": {
        "semver": {
          "version": "6.1.1",
          "bundled": true
        }
      }
    },
    "@aws-cdk/region-info": {
      "version": "0.39.0",
      "resolved": "https://registry.npmjs.org/@aws-cdk/region-info/-/region-info-0.39.0.tgz",
      "integrity": "sha512-/ZMkQPQsTXpwzkCjWfHmHwyBHv6R49l1dmllIvikwmZWo2pTu8LYMgCdZEnMcYcxzIn3Fke30JAGpNs0x+kMag=="
    }
  }
}
