{
  "name": "@pgarbe/lambda",
  "version": "0.1.0-alpha.3",
  "lockfileVersion": 1,
  "requires": true,
  "dependencies": {
    "@aws-cdk/assets": {
      "version": "0.30.0",
      "resolved": "https://registry.npmjs.org/@aws-cdk/assets/-/assets-0.30.0.tgz",
      "integrity": "sha512-XNeJQ3sxcmhYgfWuiV0D9bf2oMi/JwHNO2oIzO2CYKEXl39hKCVeVGK+LQG7agnjNZ7AeOspStWKT1Hi4C0cdg==",
      "requires": {
        "@aws-cdk/aws-iam": "^0.30.0",
        "@aws-cdk/aws-s3": "^0.30.0",
        "@aws-cdk/cdk": "^0.30.0",
        "@aws-cdk/cx-api": "^0.30.0",
        "minimatch": "^3.0.4"
      },
      "dependencies": {
        "balanced-match": {
          "version": "1.0.0",
          "bundled": true
        },
        "brace-expansion": {
          "version": "1.1.11",
          "bundled": true,
          "requires": {
            "balanced-match": "^1.0.0",
            "concat-map": "0.0.1"
          }
        },
        "concat-map": {
          "version": "0.0.1",
          "bundled": true
        },
        "minimatch": {
          "version": "3.0.4",
          "bundled": true,
          "requires": {
            "brace-expansion": "^1.1.7"
          }
        }
      }
    },
    "@aws-cdk/aws-autoscaling-api": {
      "version": "0.30.0",
      "resolved": "https://registry.npmjs.org/@aws-cdk/aws-autoscaling-api/-/aws-autoscaling-api-0.30.0.tgz",
      "integrity": "sha512-tpiqRyTuaaskbyXEvhwSGV2a1Ce1DAJr/g1jQgkg4EoTD/3kcLN3TvEF+XTmNenJP6/OiiU/8Wj5mBMXCbc+PQ==",
      "requires": {
        "@aws-cdk/aws-iam": "^0.30.0",
        "@aws-cdk/cdk": "^0.30.0"
      }
    },
    "@aws-cdk/aws-cloudwatch": {
      "version": "0.30.0",
      "resolved": "https://registry.npmjs.org/@aws-cdk/aws-cloudwatch/-/aws-cloudwatch-0.30.0.tgz",
      "integrity": "sha512-PjKVv1i+4DLCh/1UrY6QbRwpa85dsIt2odFzJG9DT0MwkMfAbtbK7mMlDK+xwOPJ5Ie+PJDWXyi4KaESWhnYBg==",
      "requires": {
        "@aws-cdk/aws-iam": "^0.30.0",
        "@aws-cdk/cdk": "^0.30.0"
      }
    },
    "@aws-cdk/aws-ec2": {
      "version": "0.30.0",
      "resolved": "https://registry.npmjs.org/@aws-cdk/aws-ec2/-/aws-ec2-0.30.0.tgz",
      "integrity": "sha512-UtoESPfcuqB5B0KpNMcaZ036IPYF08/kNygAeikZgrYB1dFohX3bZqisWDi+xHZBAapKPfWLPkjW+x/Eo0JlwA==",
      "requires": {
        "@aws-cdk/aws-cloudwatch": "^0.30.0",
        "@aws-cdk/aws-iam": "^0.30.0",
        "@aws-cdk/cdk": "^0.30.0",
        "@aws-cdk/cx-api": "^0.30.0"
      }
    },
    "@aws-cdk/aws-events": {
      "version": "0.30.0",
      "resolved": "https://registry.npmjs.org/@aws-cdk/aws-events/-/aws-events-0.30.0.tgz",
      "integrity": "sha512-pFg87xYTSXxgE+mGKzwcTmmcsUgAOG/zc7BJQrzGnISB7n7s8DImeZQGnR57W6/2fXizb4j6jLaJnEO+UXkX5Q==",
      "requires": {
        "@aws-cdk/aws-iam": "^0.30.0",
        "@aws-cdk/cdk": "^0.30.0"
      }
    },
    "@aws-cdk/aws-iam": {
      "version": "0.30.0",
      "resolved": "https://registry.npmjs.org/@aws-cdk/aws-iam/-/aws-iam-0.30.0.tgz",
      "integrity": "sha512-owrQzb0Tv6pjd/Yw1+NiQnbgcVEZtKkZS952eFu6H5/diMedABEVl0V8wjyWu6Pj/gYRGC4kpWBHTg49EuiHPQ==",
      "requires": {
        "@aws-cdk/cdk": "^0.30.0",
        "@aws-cdk/region-info": "^0.30.0"
      }
    },
    "@aws-cdk/aws-kms": {
      "version": "0.30.0",
      "resolved": "https://registry.npmjs.org/@aws-cdk/aws-kms/-/aws-kms-0.30.0.tgz",
      "integrity": "sha512-OB1wiHH6PjH96QjKqzvv1S3nXkbes1SLnAD0VUO53aX24S7HfGYnrCmdj+y9vbHEfjDsd1Jo1Ntq5gnPmmhEhQ==",
      "requires": {
        "@aws-cdk/aws-iam": "^0.30.0",
        "@aws-cdk/cdk": "^0.30.0"
      }
    },
    "@aws-cdk/aws-lambda": {
      "version": "0.30.0",
      "resolved": "https://registry.npmjs.org/@aws-cdk/aws-lambda/-/aws-lambda-0.30.0.tgz",
      "integrity": "sha512-ozLGvuRhdeyUWD9qUrEY4p7LfgU9xryvakGRKIq80EmVJKQSbR4Ws3F3ks4xejt0o6qVcOY4cCFPO8bTmUNW8g==",
      "requires": {
        "@aws-cdk/assets": "^0.30.0",
        "@aws-cdk/aws-cloudwatch": "^0.30.0",
        "@aws-cdk/aws-ec2": "^0.30.0",
        "@aws-cdk/aws-events": "^0.30.0",
        "@aws-cdk/aws-iam": "^0.30.0",
        "@aws-cdk/aws-logs": "^0.30.0",
        "@aws-cdk/aws-s3": "^0.30.0",
        "@aws-cdk/aws-s3-notifications": "^0.30.0",
        "@aws-cdk/aws-sqs": "^0.30.0",
        "@aws-cdk/aws-stepfunctions": "^0.30.0",
        "@aws-cdk/cdk": "^0.30.0",
        "@aws-cdk/cx-api": "^0.30.0"
      }
    },
    "@aws-cdk/aws-logs": {
      "version": "0.30.0",
      "resolved": "https://registry.npmjs.org/@aws-cdk/aws-logs/-/aws-logs-0.30.0.tgz",
      "integrity": "sha512-tIAX7/xTF6yyxeAh2Qsiogej+1ovV/h5mhiSa09yyu3KxxUMAmdaS1OtHSYconPvbCuVQ85qM0qSy4iL7qFdGA==",
      "requires": {
        "@aws-cdk/aws-cloudwatch": "^0.30.0",
        "@aws-cdk/aws-iam": "^0.30.0",
        "@aws-cdk/cdk": "^0.30.0"
      }
    },
    "@aws-cdk/aws-s3": {
      "version": "0.30.0",
      "resolved": "https://registry.npmjs.org/@aws-cdk/aws-s3/-/aws-s3-0.30.0.tgz",
      "integrity": "sha512-auNnULAP3LFqD1RewMzi4HHSHbq4PhtV/8nTdlEeQMMRC0jLAi3M4C1aVBJxwS50zDmZ5OvK0qiFdBYNDxFoqQ==",
      "requires": {
        "@aws-cdk/aws-events": "^0.30.0",
        "@aws-cdk/aws-iam": "^0.30.0",
        "@aws-cdk/aws-kms": "^0.30.0",
        "@aws-cdk/aws-s3-notifications": "^0.30.0",
        "@aws-cdk/cdk": "^0.30.0"
      }
    },
    "@aws-cdk/aws-s3-notifications": {
      "version": "0.30.0",
      "resolved": "https://registry.npmjs.org/@aws-cdk/aws-s3-notifications/-/aws-s3-notifications-0.30.0.tgz",
      "integrity": "sha512-Ot+jlPZqV//Ddj9DY8IzJDEp8qVkWgScKGh1kZQkscWWSEhI+nT4O8YTOmGFTAgYol9i6k8nv5xzAQXzzDjVSA==",
      "requires": {
        "@aws-cdk/cdk": "^0.30.0"
      }
    },
    "@aws-cdk/aws-sqs": {
      "version": "0.30.0",
      "resolved": "https://registry.npmjs.org/@aws-cdk/aws-sqs/-/aws-sqs-0.30.0.tgz",
      "integrity": "sha512-0PCWJlY/zEgCMzVY+r8yaduC0QIHAxxKdvVfXys9FhkDDrrxHpjSwEEVptLdII3YT7BRQC4XHszuMcTpqzCGHg==",
      "requires": {
        "@aws-cdk/aws-autoscaling-api": "^0.30.0",
        "@aws-cdk/aws-cloudwatch": "^0.30.0",
        "@aws-cdk/aws-iam": "^0.30.0",
        "@aws-cdk/aws-kms": "^0.30.0",
        "@aws-cdk/aws-s3-notifications": "^0.30.0",
        "@aws-cdk/cdk": "^0.30.0"
      }
    },
    "@aws-cdk/aws-stepfunctions": {
      "version": "0.30.0",
      "resolved": "https://registry.npmjs.org/@aws-cdk/aws-stepfunctions/-/aws-stepfunctions-0.30.0.tgz",
      "integrity": "sha512-r6Ehnr1PaPusdpQ2QGfjq16i2uHJUcXi/wNLYME2leWm+EiZRnx9fvFumXyzBcghhf5OxsPWUfv6LZcNi1RMKg==",
      "requires": {
        "@aws-cdk/aws-cloudwatch": "^0.30.0",
        "@aws-cdk/aws-events": "^0.30.0",
        "@aws-cdk/aws-iam": "^0.30.0",
        "@aws-cdk/cdk": "^0.30.0"
      }
    },
    "@aws-cdk/cdk": {
      "version": "0.30.0",
      "resolved": "https://registry.npmjs.org/@aws-cdk/cdk/-/cdk-0.30.0.tgz",
      "integrity": "sha512-e0FADs3qBvWzg/6zHirUkG4+MAWYHl/IRQtYYZaAzuTEm9nk8YcPO8WTFgNLEfdAzWlQZIsGsv0yQMHt0zEaAQ==",
      "requires": {
        "@aws-cdk/cx-api": "^0.30.0"
      }
    },
    "@aws-cdk/cx-api": {
      "version": "0.30.0",
      "resolved": "https://registry.npmjs.org/@aws-cdk/cx-api/-/cx-api-0.30.0.tgz",
      "integrity": "sha512-DOrV2qggGvh2Md8zGJyX1yWsFyLGpEhfIzPLManIQ8m9+ge3H60qZ/jQlnatHciSDeflkZJD4FDl2qASbdxxYQ=="
    },
    "@aws-cdk/region-info": {
      "version": "0.30.0",
      "resolved": "https://registry.npmjs.org/@aws-cdk/region-info/-/region-info-0.30.0.tgz",
      "integrity": "sha512-iAZHy8QLihqYo7C4IegzBJvaIqcfPktxyx07Ob8UayjlnPeK347uWZE2CZu0w90YpFJmTParTe9R5jPbO3r0fg=="
    }
  }
}
