{
  "name": "@pgarbe/lambda",
  "version": "0.1.0-alpha.3",
  "lockfileVersion": 1,
  "requires": true,
  "dependencies": {
    "@aws-cdk/assets": {
      "version": "0.36.1",
      "resolved": "https://registry.npmjs.org/@aws-cdk/assets/-/assets-0.36.1.tgz",
      "integrity": "sha512-UAfKyaGlmUuvnVc6VM15tlBGVqtRJ5Ess7VHmINjQNJx1pwylGYSKKIS3TTGgQUrdFgSRx/0P80yBNX1DZ0PBQ==",
      "requires": {
        "@aws-cdk/core": "^0.36.1",
        "@aws-cdk/cx-api": "^0.36.1",
        "minimatch": "^3.0.4"
      },
      "dependencies": {
        "balanced-match": {
          "version": "1.0.0",
          "bundled": true
        },
        "brace-expansion": {
          "version": "1.1.11",
          "bundled": true,
          "requires": {
            "balanced-match": "^1.0.0",
            "concat-map": "0.0.1"
          }
        },
        "concat-map": {
          "version": "0.0.1",
          "bundled": true
        },
        "minimatch": {
          "version": "3.0.4",
          "bundled": true,
          "requires": {
            "brace-expansion": "^1.1.7"
          }
        }
      }
    },
    "@aws-cdk/aws-cloudwatch": {
      "version": "0.36.1",
      "resolved": "https://registry.npmjs.org/@aws-cdk/aws-cloudwatch/-/aws-cloudwatch-0.36.1.tgz",
      "integrity": "sha512-WwavAPW5BZAPvMZcuap2IkVEBEys3Z3Ji4JrBPWl22GAvQvvANbAMwlB7WCf8fnTOt5t9zCOz1V6ykK5ePuTdQ==",
      "requires": {
        "@aws-cdk/aws-iam": "^0.36.1",
        "@aws-cdk/core": "^0.36.1"
      }
    },
    "@aws-cdk/aws-ec2": {
      "version": "0.36.1",
      "resolved": "https://registry.npmjs.org/@aws-cdk/aws-ec2/-/aws-ec2-0.36.1.tgz",
      "integrity": "sha512-wjhXrefgX3d0ejlxCeQRIR+n1vn49wWroupdSMumSiGd6cKgI11RR76uj+w9VX2CGx7hh7EFt7nwB13Uys3QgA==",
      "requires": {
        "@aws-cdk/aws-cloudwatch": "^0.36.1",
        "@aws-cdk/aws-iam": "^0.36.1",
        "@aws-cdk/aws-ssm": "^0.36.1",
        "@aws-cdk/core": "^0.36.1",
        "@aws-cdk/cx-api": "^0.36.1"
      }
    },
    "@aws-cdk/aws-events": {
      "version": "0.36.1",
      "resolved": "https://registry.npmjs.org/@aws-cdk/aws-events/-/aws-events-0.36.1.tgz",
      "integrity": "sha512-vwv6NAJOY+C+olfk3kSnVM0YWXpMev4UfSv7yWsiWRJawgc9KNgdqmcVmVCcs4HTOoYuR5ZR5UY1OzsCg0Bqxw==",
      "requires": {
        "@aws-cdk/aws-iam": "^0.36.1",
        "@aws-cdk/core": "^0.36.1"
      }
    },
    "@aws-cdk/aws-iam": {
      "version": "0.36.1",
      "resolved": "https://registry.npmjs.org/@aws-cdk/aws-iam/-/aws-iam-0.36.1.tgz",
      "integrity": "sha512-6ixqMixtBPkqlZqlzglsirAbPrBPI/Nf3OQfYWPwdEz5SYZ6uneInXVbKLqXFOU3mo+S34KhqPn0SEStKnK4Fg==",
      "requires": {
        "@aws-cdk/core": "^0.36.1",
        "@aws-cdk/region-info": "^0.36.1"
      }
    },
    "@aws-cdk/aws-kms": {
      "version": "0.36.1",
      "resolved": "https://registry.npmjs.org/@aws-cdk/aws-kms/-/aws-kms-0.36.1.tgz",
      "integrity": "sha512-dwhan464KOIRDh12O0B2V7Cjp7YaS0mI8eYlOHiAnkhkjnzzB8l87IbXYqw2k9mDEL2+2jKHz9IjfcJs86xKog==",
      "requires": {
        "@aws-cdk/aws-iam": "^0.36.1",
        "@aws-cdk/core": "^0.36.1"
      }
    },
    "@aws-cdk/aws-lambda": {
      "version": "0.36.1",
      "resolved": "https://registry.npmjs.org/@aws-cdk/aws-lambda/-/aws-lambda-0.36.1.tgz",
      "integrity": "sha512-VuRlOFS/rOL119OwHdikC2hHnhYz1JgdoI00kSibT3YMxD11Tp/rhjOgqNi6Lbk8/VySLj0Sj93B9O2MSPICVA==",
      "requires": {
        "@aws-cdk/aws-cloudwatch": "^0.36.1",
        "@aws-cdk/aws-ec2": "^0.36.1",
        "@aws-cdk/aws-events": "^0.36.1",
        "@aws-cdk/aws-iam": "^0.36.1",
        "@aws-cdk/aws-logs": "^0.36.1",
        "@aws-cdk/aws-s3": "^0.36.1",
        "@aws-cdk/aws-s3-assets": "^0.36.1",
        "@aws-cdk/aws-sqs": "^0.36.1",
        "@aws-cdk/core": "^0.36.1",
        "@aws-cdk/cx-api": "^0.36.1"
      }
    },
    "@aws-cdk/aws-logs": {
      "version": "0.36.1",
      "resolved": "https://registry.npmjs.org/@aws-cdk/aws-logs/-/aws-logs-0.36.1.tgz",
      "integrity": "sha512-QaarJn12sZ++h7fpNvFRKtYcU52xcQJ2NqaBo8m/d3A1ou2+OfvhcamDmrhJFxoot96b1WTzLJ3/jYmhnYxXhQ==",
      "requires": {
        "@aws-cdk/aws-cloudwatch": "^0.36.1",
        "@aws-cdk/aws-iam": "^0.36.1",
        "@aws-cdk/core": "^0.36.1"
      }
    },
    "@aws-cdk/aws-s3": {
      "version": "0.36.1",
      "resolved": "https://registry.npmjs.org/@aws-cdk/aws-s3/-/aws-s3-0.36.1.tgz",
      "integrity": "sha512-0lLFbaBxtcXRmtzV++wZ6Dg2x0fKc6qKi+wqhifmmz/dB3xciQ+Ioryk7cetLDQG9YRxGSlfBU8oO8evsubuPA==",
      "requires": {
        "@aws-cdk/aws-events": "^0.36.1",
        "@aws-cdk/aws-iam": "^0.36.1",
        "@aws-cdk/aws-kms": "^0.36.1",
        "@aws-cdk/core": "^0.36.1"
      }
    },
    "@aws-cdk/aws-s3-assets": {
      "version": "0.36.1",
      "resolved": "https://registry.npmjs.org/@aws-cdk/aws-s3-assets/-/aws-s3-assets-0.36.1.tgz",
      "integrity": "sha512-3H58GcU1Jkn/FlYABg079r/4Mv6hErSQoT5yjxzHrJGBYrTTH+N303Ev5yiNBP7bUOcLsQsLs3OKA2KN2JJ+nQ==",
      "requires": {
        "@aws-cdk/assets": "^0.36.1",
        "@aws-cdk/aws-iam": "^0.36.1",
        "@aws-cdk/aws-s3": "^0.36.1",
        "@aws-cdk/core": "^0.36.1",
        "@aws-cdk/cx-api": "^0.36.1"
      }
    },
    "@aws-cdk/aws-sqs": {
      "version": "0.36.1",
      "resolved": "https://registry.npmjs.org/@aws-cdk/aws-sqs/-/aws-sqs-0.36.1.tgz",
      "integrity": "sha512-3CKUZqqMqJdDfUvth5wyLFmbNEluVoH1NpaOzm7a8zlHKI9bp91t09+0jbHMAT84IGdjqhW6J87CdJBPA4llCA==",
      "requires": {
        "@aws-cdk/aws-cloudwatch": "^0.36.1",
        "@aws-cdk/aws-iam": "^0.36.1",
        "@aws-cdk/aws-kms": "^0.36.1",
        "@aws-cdk/core": "^0.36.1"
      }
    },
    "@aws-cdk/aws-ssm": {
      "version": "0.36.1",
      "resolved": "https://registry.npmjs.org/@aws-cdk/aws-ssm/-/aws-ssm-0.36.1.tgz",
      "integrity": "sha512-qLtUVL15Hs++BfdEMAc9e42/vC/XK9hhrmp45bk3iG9UmBwBwuz9/dpO6PztJJzOG8JMxrSNxw9HZxtuRFf6ow==",
      "requires": {
        "@aws-cdk/aws-iam": "^0.36.1",
        "@aws-cdk/core": "^0.36.1",
        "@aws-cdk/cx-api": "^0.36.1"
      }
    },
    "@aws-cdk/cdk": {
      "version": "0.36.1",
      "resolved": "https://registry.npmjs.org/@aws-cdk/cdk/-/cdk-0.36.1.tgz",
      "integrity": "sha512-zANjIxZZM/sFns5zUbGEBikZcF4m+77aNQ6o6vcQkVcglky9peZ0q7T4urngSDP/QHnjsqpp6QrJaLSvjcInJg=="
    },
    "@aws-cdk/core": {
      "version": "0.36.1",
      "resolved": "https://registry.npmjs.org/@aws-cdk/core/-/core-0.36.1.tgz",
      "integrity": "sha512-NLrr2GppjHaOhs8LaGoUGb7Uy5l9kuX5GeTefjaGhKBc9sjnqumtCmASW1GUUXH5tUkZ6vL31VKO3rBBZ26EAw==",
      "requires": {
        "@aws-cdk/cx-api": "^0.36.1"
      }
    },
    "@aws-cdk/cx-api": {
      "version": "0.36.1",
      "resolved": "https://registry.npmjs.org/@aws-cdk/cx-api/-/cx-api-0.36.1.tgz",
      "integrity": "sha512-B2AXlGZv29Ri2aNnXf0VpZ820o5Mo2w9oNIaJkBvvhGOAPl6Q+sNfoa/yuwiTNSmJfAKT/4ZIvsBBWbnKgDVhg==",
      "requires": {
        "semver": "^6.1.1"
      },
      "dependencies": {
        "semver": {
          "version": "6.1.1",
          "bundled": true
        }
      }
    },
    "@aws-cdk/region-info": {
      "version": "0.36.1",
      "resolved": "https://registry.npmjs.org/@aws-cdk/region-info/-/region-info-0.36.1.tgz",
      "integrity": "sha512-yY/4pcJ3VMpFPEmin7z8I4PP12o9MHUQaTg2dJS1djyqtDAq7UXaOhwJgm6u+ALymlm++7t3j/KyvbCyUMksJg=="
    }
  }
}
