{
  "name": "@pgarbe/drift-checker",
  "version": "0.1.0-alpha.3",
  "lockfileVersion": 1,
  "requires": true,
  "dependencies": {
    "@aws-cdk/assets": {
      "version": "0.36.1",
      "resolved": "https://registry.npmjs.org/@aws-cdk/assets/-/assets-0.36.1.tgz",
      "integrity": "sha512-UAfKyaGlmUuvnVc6VM15tlBGVqtRJ5Ess7VHmINjQNJx1pwylGYSKKIS3TTGgQUrdFgSRx/0P80yBNX1DZ0PBQ==",
      "requires": {
        "@aws-cdk/core": "^0.36.1",
        "@aws-cdk/cx-api": "^0.36.1",
        "minimatch": "^3.0.4"
      },
      "dependencies": {
        "balanced-match": {
          "version": "1.0.0",
          "bundled": true
        },
        "brace-expansion": {
          "version": "1.1.11",
          "bundled": true,
          "requires": {
            "balanced-match": "^1.0.0",
            "concat-map": "0.0.1"
          }
        },
        "concat-map": {
          "version": "0.0.1",
          "bundled": true
        },
        "minimatch": {
          "version": "3.0.4",
          "bundled": true,
          "requires": {
            "brace-expansion": "^1.1.7"
          }
        }
      }
    },
    "@aws-cdk/aws-apigateway": {
      "version": "0.36.1",
      "resolved": "https://registry.npmjs.org/@aws-cdk/aws-apigateway/-/aws-apigateway-0.36.1.tgz",
      "integrity": "sha512-R8kGVS2SPTQUZbP/d3T1RMNDFDsI26ZG/xj2z7ThLILSyb+qz758xX6CI8LqkDHMmolboccMRDh70jYEvImQtw==",
      "requires": {
        "@aws-cdk/aws-certificatemanager": "^0.36.1",
        "@aws-cdk/aws-elasticloadbalancingv2": "^0.36.1",
        "@aws-cdk/aws-iam": "^0.36.1",
        "@aws-cdk/aws-lambda": "^0.36.1",
        "@aws-cdk/core": "^0.36.1"
      }
    },
    "@aws-cdk/aws-applicationautoscaling": {
      "version": "0.36.1",
      "resolved": "https://registry.npmjs.org/@aws-cdk/aws-applicationautoscaling/-/aws-applicationautoscaling-0.36.1.tgz",
      "integrity": "sha512-P7z+90dEv2Zjp1C5Z3nVfAeireXQQGNS4UITEfw8TiYqZWR93jkszzF3SbR3g7nyt3S09xe9OY5i1UaKLp/eaA==",
      "requires": {
        "@aws-cdk/aws-autoscaling-common": "^0.36.1",
        "@aws-cdk/aws-cloudwatch": "^0.36.1",
        "@aws-cdk/aws-iam": "^0.36.1",
        "@aws-cdk/core": "^0.36.1"
      }
    },
    "@aws-cdk/aws-autoscaling": {
      "version": "0.36.1",
      "resolved": "https://registry.npmjs.org/@aws-cdk/aws-autoscaling/-/aws-autoscaling-0.36.1.tgz",
      "integrity": "sha512-VFoJmSNdkFJ04QjXtgtjwD8e+6qeX9hfvNiSh5rFgnRFgGbKH/R+407tsJnAy+AM/gq79pfR/g9kECxZ6x4+vA==",
      "requires": {
        "@aws-cdk/aws-autoscaling-common": "^0.36.1",
        "@aws-cdk/aws-cloudwatch": "^0.36.1",
        "@aws-cdk/aws-ec2": "^0.36.1",
        "@aws-cdk/aws-elasticloadbalancing": "^0.36.1",
        "@aws-cdk/aws-elasticloadbalancingv2": "^0.36.1",
        "@aws-cdk/aws-iam": "^0.36.1",
        "@aws-cdk/aws-sns": "^0.36.1",
        "@aws-cdk/core": "^0.36.1"
      }
    },
    "@aws-cdk/aws-autoscaling-common": {
      "version": "0.36.1",
      "resolved": "https://registry.npmjs.org/@aws-cdk/aws-autoscaling-common/-/aws-autoscaling-common-0.36.1.tgz",
      "integrity": "sha512-GrqQGkC2qWV3N0rfy5XUYggtgxMsGxzmt1mw27JENw68W8YN5lda5DCtyW0gtwjkinQDDSy0JV2s4OHKu7Oqkg==",
      "requires": {
        "@aws-cdk/aws-iam": "^0.36.1",
        "@aws-cdk/core": "^0.36.1"
      }
    },
    "@aws-cdk/aws-autoscaling-hooktargets": {
      "version": "0.36.1",
      "resolved": "https://registry.npmjs.org/@aws-cdk/aws-autoscaling-hooktargets/-/aws-autoscaling-hooktargets-0.36.1.tgz",
      "integrity": "sha512-6qp7ZaJpI2AqtElcuXSsu4xD+Oo3GmAuEJ/gikHQF2G1iru/Bi4Iemvwdgo953iVS/TTGO8OAzSpxSt+KmKC5w==",
      "requires": {
        "@aws-cdk/aws-autoscaling": "^0.36.1",
        "@aws-cdk/aws-iam": "^0.36.1",
        "@aws-cdk/aws-lambda": "^0.36.1",
        "@aws-cdk/aws-sns": "^0.36.1",
        "@aws-cdk/aws-sns-subscriptions": "^0.36.1",
        "@aws-cdk/aws-sqs": "^0.36.1",
        "@aws-cdk/core": "^0.36.1"
      }
    },
    "@aws-cdk/aws-certificatemanager": {
      "version": "0.36.1",
      "resolved": "https://registry.npmjs.org/@aws-cdk/aws-certificatemanager/-/aws-certificatemanager-0.36.1.tgz",
      "integrity": "sha512-f14Z9DsGh2kcLu73L9Uwb45vU9jlwZmVYlsrucnfReEcCQvk8Wxunk+nIqu35tRf5O41Yk2zcIQwzEkhRLPn0A==",
      "requires": {
        "@aws-cdk/aws-cloudformation": "^0.36.1",
        "@aws-cdk/aws-iam": "^0.36.1",
        "@aws-cdk/aws-lambda": "^0.36.1",
        "@aws-cdk/aws-route53": "^0.36.1",
        "@aws-cdk/core": "^0.36.1"
      }
    },
    "@aws-cdk/aws-cloudformation": {
      "version": "0.36.1",
      "resolved": "https://registry.npmjs.org/@aws-cdk/aws-cloudformation/-/aws-cloudformation-0.36.1.tgz",
      "integrity": "sha512-8kJs4Tj1uqoR5c8q1Vct7rqn+Z7OVeBQcBdrIw0eRjr/l1tLVLp2pdAJXlcNOzIqb3ClT98jEWPx90/o5I/riQ==",
      "requires": {
        "@aws-cdk/aws-iam": "^0.36.1",
        "@aws-cdk/aws-lambda": "^0.36.1",
        "@aws-cdk/aws-sns": "^0.36.1",
        "@aws-cdk/core": "^0.36.1"
      }
    },
    "@aws-cdk/aws-cloudfront": {
      "version": "0.36.1",
      "resolved": "https://registry.npmjs.org/@aws-cdk/aws-cloudfront/-/aws-cloudfront-0.36.1.tgz",
      "integrity": "sha512-jCOyrTjdEdWXZJ+utC5eWGt/6/YP3W5EB7QOKTMaLRmwwyVIWlBddmo4OnAZdIxEnD0e5PNXNnLFzJDzgkEtbQ==",
      "requires": {
        "@aws-cdk/aws-certificatemanager": "^0.36.1",
        "@aws-cdk/aws-iam": "^0.36.1",
        "@aws-cdk/aws-kms": "^0.36.1",
        "@aws-cdk/aws-lambda": "^0.36.1",
        "@aws-cdk/aws-s3": "^0.36.1",
        "@aws-cdk/core": "^0.36.1"
      }
    },
    "@aws-cdk/aws-cloudwatch": {
      "version": "0.36.1",
      "resolved": "https://registry.npmjs.org/@aws-cdk/aws-cloudwatch/-/aws-cloudwatch-0.36.1.tgz",
      "integrity": "sha512-WwavAPW5BZAPvMZcuap2IkVEBEys3Z3Ji4JrBPWl22GAvQvvANbAMwlB7WCf8fnTOt5t9zCOz1V6ykK5ePuTdQ==",
      "requires": {
        "@aws-cdk/aws-iam": "^0.36.1",
        "@aws-cdk/core": "^0.36.1"
      }
    },
    "@aws-cdk/aws-codebuild": {
      "version": "0.36.1",
      "resolved": "https://registry.npmjs.org/@aws-cdk/aws-codebuild/-/aws-codebuild-0.36.1.tgz",
      "integrity": "sha512-6/wwXOU42m/oMybqLh1AcJr7R8mE9o00wQ0kHDrm3dTzv+ErupKi8XZITHkrCDHHSxfpOYBfhSmgcX04ipxXaQ==",
      "requires": {
        "@aws-cdk/assets": "^0.36.1",
        "@aws-cdk/aws-cloudwatch": "^0.36.1",
        "@aws-cdk/aws-codecommit": "^0.36.1",
        "@aws-cdk/aws-ec2": "^0.36.1",
        "@aws-cdk/aws-ecr": "^0.36.1",
        "@aws-cdk/aws-ecr-assets": "^0.36.1",
        "@aws-cdk/aws-events": "^0.36.1",
        "@aws-cdk/aws-iam": "^0.36.1",
        "@aws-cdk/aws-kms": "^0.36.1",
        "@aws-cdk/aws-s3": "^0.36.1",
        "@aws-cdk/aws-s3-assets": "^0.36.1",
        "@aws-cdk/core": "^0.36.1"
      }
    },
    "@aws-cdk/aws-codecommit": {
      "version": "0.36.1",
      "resolved": "https://registry.npmjs.org/@aws-cdk/aws-codecommit/-/aws-codecommit-0.36.1.tgz",
      "integrity": "sha512-jd4okxOQQPgY1GuaUs4dlKic+lmp/cYI+LUnU6Z2WWIGrFV5DBJiVLfG/nJOzHQd/r6P/g3DNPqziuWBFg+sRA==",
      "requires": {
        "@aws-cdk/aws-events": "^0.36.1",
        "@aws-cdk/aws-iam": "^0.36.1",
        "@aws-cdk/core": "^0.36.1"
      }
    },
    "@aws-cdk/aws-codepipeline": {
      "version": "0.36.1",
      "resolved": "https://registry.npmjs.org/@aws-cdk/aws-codepipeline/-/aws-codepipeline-0.36.1.tgz",
      "integrity": "sha512-9UkIJaMG/laLdo+IK/tUICwUSUEj+dw4ZrrcnX9zdWTgzu9jrmdZkEwpC5aMXP3dgcCKXVSrIUBRL6eySQBdWQ==",
      "requires": {
        "@aws-cdk/aws-events": "^0.36.1",
        "@aws-cdk/aws-iam": "^0.36.1",
        "@aws-cdk/aws-kms": "^0.36.1",
        "@aws-cdk/aws-s3": "^0.36.1",
        "@aws-cdk/core": "^0.36.1"
      }
    },
    "@aws-cdk/aws-ec2": {
      "version": "0.36.1",
      "resolved": "https://registry.npmjs.org/@aws-cdk/aws-ec2/-/aws-ec2-0.36.1.tgz",
      "integrity": "sha512-wjhXrefgX3d0ejlxCeQRIR+n1vn49wWroupdSMumSiGd6cKgI11RR76uj+w9VX2CGx7hh7EFt7nwB13Uys3QgA==",
      "requires": {
        "@aws-cdk/aws-cloudwatch": "^0.36.1",
        "@aws-cdk/aws-iam": "^0.36.1",
        "@aws-cdk/aws-ssm": "^0.36.1",
        "@aws-cdk/core": "^0.36.1",
        "@aws-cdk/cx-api": "^0.36.1"
      }
    },
    "@aws-cdk/aws-ecr": {
      "version": "0.36.1",
      "resolved": "https://registry.npmjs.org/@aws-cdk/aws-ecr/-/aws-ecr-0.36.1.tgz",
      "integrity": "sha512-jwI0/UWPd0B0nt5PtY254pwQILhDFXTpzHw0/aZKtF7onUw7fbplT+tVyiLX6auvOaMWWnlHhqNy0UDX0K+qgg==",
      "requires": {
        "@aws-cdk/aws-events": "^0.36.1",
        "@aws-cdk/aws-iam": "^0.36.1",
        "@aws-cdk/core": "^0.36.1"
      }
    },
    "@aws-cdk/aws-ecr-assets": {
      "version": "0.36.1",
      "resolved": "https://registry.npmjs.org/@aws-cdk/aws-ecr-assets/-/aws-ecr-assets-0.36.1.tgz",
      "integrity": "sha512-ZaZd4acWI+2Kvug6jPCy0zyiAsH/1YofznBonwzpWiEpRMdXiICnMUIwFbAE4pX+BmYfpDXIxXaXjGHucEeb1A==",
      "requires": {
        "@aws-cdk/assets": "^0.36.1",
        "@aws-cdk/aws-cloudformation": "^0.36.1",
        "@aws-cdk/aws-ecr": "^0.36.1",
        "@aws-cdk/aws-iam": "^0.36.1",
        "@aws-cdk/aws-lambda": "^0.36.1",
        "@aws-cdk/aws-s3": "^0.36.1",
        "@aws-cdk/core": "^0.36.1",
        "@aws-cdk/cx-api": "^0.36.1"
      }
    },
    "@aws-cdk/aws-ecs": {
      "version": "0.36.1",
      "resolved": "https://registry.npmjs.org/@aws-cdk/aws-ecs/-/aws-ecs-0.36.1.tgz",
      "integrity": "sha512-4H3VWsO+a5RfSTTSxdDtOgFuV4TJxSRBpvhOUhM1/3mlPcnoHoXgB6ABbp8jLrg2WqGzeqk6cjvMqf1LFwPHdw==",
      "requires": {
        "@aws-cdk/aws-applicationautoscaling": "^0.36.1",
        "@aws-cdk/aws-autoscaling": "^0.36.1",
        "@aws-cdk/aws-autoscaling-hooktargets": "^0.36.1",
        "@aws-cdk/aws-certificatemanager": "^0.36.1",
        "@aws-cdk/aws-cloudformation": "^0.36.1",
        "@aws-cdk/aws-cloudwatch": "^0.36.1",
        "@aws-cdk/aws-ec2": "^0.36.1",
        "@aws-cdk/aws-ecr": "^0.36.1",
        "@aws-cdk/aws-ecr-assets": "^0.36.1",
        "@aws-cdk/aws-elasticloadbalancing": "^0.36.1",
        "@aws-cdk/aws-elasticloadbalancingv2": "^0.36.1",
        "@aws-cdk/aws-iam": "^0.36.1",
        "@aws-cdk/aws-lambda": "^0.36.1",
        "@aws-cdk/aws-logs": "^0.36.1",
        "@aws-cdk/aws-route53": "^0.36.1",
        "@aws-cdk/aws-route53-targets": "^0.36.1",
        "@aws-cdk/aws-secretsmanager": "^0.36.1",
        "@aws-cdk/aws-servicediscovery": "^0.36.1",
        "@aws-cdk/aws-sns": "^0.36.1",
        "@aws-cdk/aws-sqs": "^0.36.1",
        "@aws-cdk/aws-ssm": "^0.36.1",
        "@aws-cdk/core": "^0.36.1",
        "@aws-cdk/cx-api": "^0.36.1"
      }
    },
    "@aws-cdk/aws-elasticloadbalancing": {
      "version": "0.36.1",
      "resolved": "https://registry.npmjs.org/@aws-cdk/aws-elasticloadbalancing/-/aws-elasticloadbalancing-0.36.1.tgz",
      "integrity": "sha512-ofP73mkIiXqAfzYGMByxQfEMwX1kfHT7k/jKVzF+gpVHIYy1jJIRIq6ZMtQJuMWkdfJHbSuTdGCSCUrQCrp5Yg==",
      "requires": {
        "@aws-cdk/aws-ec2": "^0.36.1",
        "@aws-cdk/core": "^0.36.1"
      }
    },
    "@aws-cdk/aws-elasticloadbalancingv2": {
      "version": "0.36.1",
      "resolved": "https://registry.npmjs.org/@aws-cdk/aws-elasticloadbalancingv2/-/aws-elasticloadbalancingv2-0.36.1.tgz",
      "integrity": "sha512-aMxvB99xDUPOAgvC1O6EKV/BXENyb/FhptMHh1yHe65AyqQcQxKEqe/rlcL6yE0e8POEK86vwz272ENoureUeg==",
      "requires": {
        "@aws-cdk/aws-certificatemanager": "^0.36.1",
        "@aws-cdk/aws-cloudwatch": "^0.36.1",
        "@aws-cdk/aws-ec2": "^0.36.1",
        "@aws-cdk/aws-iam": "^0.36.1",
        "@aws-cdk/aws-s3": "^0.36.1",
        "@aws-cdk/core": "^0.36.1"
      }
    },
    "@aws-cdk/aws-events": {
      "version": "0.36.1",
      "resolved": "https://registry.npmjs.org/@aws-cdk/aws-events/-/aws-events-0.36.1.tgz",
      "integrity": "sha512-vwv6NAJOY+C+olfk3kSnVM0YWXpMev4UfSv7yWsiWRJawgc9KNgdqmcVmVCcs4HTOoYuR5ZR5UY1OzsCg0Bqxw==",
      "requires": {
        "@aws-cdk/aws-iam": "^0.36.1",
        "@aws-cdk/core": "^0.36.1"
      }
    },
    "@aws-cdk/aws-events-targets": {
      "version": "0.36.1",
      "resolved": "https://registry.npmjs.org/@aws-cdk/aws-events-targets/-/aws-events-targets-0.36.1.tgz",
      "integrity": "sha512-50lDs1qB1Pcv+pvceXvbqOpyJy8dT/QufXqDHKcZ/2arZRGElMCVYoCUO3VCHZAXh5cqtx/DYr8Z7AQPnPHoEA==",
      "requires": {
        "@aws-cdk/aws-cloudformation": "^0.36.1",
        "@aws-cdk/aws-codebuild": "^0.36.1",
        "@aws-cdk/aws-codepipeline": "^0.36.1",
        "@aws-cdk/aws-ec2": "^0.36.1",
        "@aws-cdk/aws-ecs": "^0.36.1",
        "@aws-cdk/aws-events": "^0.36.1",
        "@aws-cdk/aws-iam": "^0.36.1",
        "@aws-cdk/aws-lambda": "^0.36.1",
        "@aws-cdk/aws-sns": "^0.36.1",
        "@aws-cdk/aws-sns-subscriptions": "^0.36.1",
        "@aws-cdk/aws-sqs": "^0.36.1",
        "@aws-cdk/aws-stepfunctions": "^0.36.1",
        "@aws-cdk/core": "^0.36.1",
        "@aws-cdk/custom-resources": "^0.36.1"
      }
    },
    "@aws-cdk/aws-iam": {
      "version": "0.36.1",
      "resolved": "https://registry.npmjs.org/@aws-cdk/aws-iam/-/aws-iam-0.36.1.tgz",
      "integrity": "sha512-6ixqMixtBPkqlZqlzglsirAbPrBPI/Nf3OQfYWPwdEz5SYZ6uneInXVbKLqXFOU3mo+S34KhqPn0SEStKnK4Fg==",
      "requires": {
        "@aws-cdk/core": "^0.36.1",
        "@aws-cdk/region-info": "^0.36.1"
      }
    },
    "@aws-cdk/aws-kms": {
      "version": "0.36.1",
      "resolved": "https://registry.npmjs.org/@aws-cdk/aws-kms/-/aws-kms-0.36.1.tgz",
      "integrity": "sha512-dwhan464KOIRDh12O0B2V7Cjp7YaS0mI8eYlOHiAnkhkjnzzB8l87IbXYqw2k9mDEL2+2jKHz9IjfcJs86xKog==",
      "requires": {
        "@aws-cdk/aws-iam": "^0.36.1",
        "@aws-cdk/core": "^0.36.1"
      }
    },
    "@aws-cdk/aws-lambda": {
      "version": "0.36.1",
      "resolved": "https://registry.npmjs.org/@aws-cdk/aws-lambda/-/aws-lambda-0.36.1.tgz",
      "integrity": "sha512-VuRlOFS/rOL119OwHdikC2hHnhYz1JgdoI00kSibT3YMxD11Tp/rhjOgqNi6Lbk8/VySLj0Sj93B9O2MSPICVA==",
      "requires": {
        "@aws-cdk/aws-cloudwatch": "^0.36.1",
        "@aws-cdk/aws-ec2": "^0.36.1",
        "@aws-cdk/aws-events": "^0.36.1",
        "@aws-cdk/aws-iam": "^0.36.1",
        "@aws-cdk/aws-logs": "^0.36.1",
        "@aws-cdk/aws-s3": "^0.36.1",
        "@aws-cdk/aws-s3-assets": "^0.36.1",
        "@aws-cdk/aws-sqs": "^0.36.1",
        "@aws-cdk/core": "^0.36.1",
        "@aws-cdk/cx-api": "^0.36.1"
      }
    },
    "@aws-cdk/aws-logs": {
      "version": "0.36.1",
      "resolved": "https://registry.npmjs.org/@aws-cdk/aws-logs/-/aws-logs-0.36.1.tgz",
      "integrity": "sha512-QaarJn12sZ++h7fpNvFRKtYcU52xcQJ2NqaBo8m/d3A1ou2+OfvhcamDmrhJFxoot96b1WTzLJ3/jYmhnYxXhQ==",
      "requires": {
        "@aws-cdk/aws-cloudwatch": "^0.36.1",
        "@aws-cdk/aws-iam": "^0.36.1",
        "@aws-cdk/core": "^0.36.1"
      }
    },
    "@aws-cdk/aws-route53": {
      "version": "0.36.1",
      "resolved": "https://registry.npmjs.org/@aws-cdk/aws-route53/-/aws-route53-0.36.1.tgz",
      "integrity": "sha512-a30G9aEkyvsgIQcfRRbmAaEqMTzfcVlIueKYzOVuij529v3ohYItjLBs8MJBIWN6QDjYP31GnSalI6BTIFyDkQ==",
      "requires": {
        "@aws-cdk/aws-ec2": "^0.36.1",
        "@aws-cdk/aws-logs": "^0.36.1",
        "@aws-cdk/core": "^0.36.1",
        "@aws-cdk/cx-api": "^0.36.1"
      }
    },
    "@aws-cdk/aws-route53-targets": {
      "version": "0.36.1",
      "resolved": "https://registry.npmjs.org/@aws-cdk/aws-route53-targets/-/aws-route53-targets-0.36.1.tgz",
      "integrity": "sha512-2edr56couKxBC4ItXKdkPCDcmjBr/KiRb/pkHZP6Cy3KJzLZjg7rrf3JDYh38pNYVCNoVqbyOShoRBZePqqHBQ==",
      "requires": {
        "@aws-cdk/aws-apigateway": "^0.36.1",
        "@aws-cdk/aws-cloudfront": "^0.36.1",
        "@aws-cdk/aws-elasticloadbalancingv2": "^0.36.1",
        "@aws-cdk/aws-iam": "^0.36.1",
        "@aws-cdk/aws-route53": "^0.36.1",
        "@aws-cdk/core": "^0.36.1"
      }
    },
    "@aws-cdk/aws-s3": {
      "version": "0.36.1",
      "resolved": "https://registry.npmjs.org/@aws-cdk/aws-s3/-/aws-s3-0.36.1.tgz",
      "integrity": "sha512-0lLFbaBxtcXRmtzV++wZ6Dg2x0fKc6qKi+wqhifmmz/dB3xciQ+Ioryk7cetLDQG9YRxGSlfBU8oO8evsubuPA==",
      "requires": {
        "@aws-cdk/aws-events": "^0.36.1",
        "@aws-cdk/aws-iam": "^0.36.1",
        "@aws-cdk/aws-kms": "^0.36.1",
        "@aws-cdk/core": "^0.36.1"
      }
    },
    "@aws-cdk/aws-s3-assets": {
      "version": "0.36.1",
      "resolved": "https://registry.npmjs.org/@aws-cdk/aws-s3-assets/-/aws-s3-assets-0.36.1.tgz",
      "integrity": "sha512-3H58GcU1Jkn/FlYABg079r/4Mv6hErSQoT5yjxzHrJGBYrTTH+N303Ev5yiNBP7bUOcLsQsLs3OKA2KN2JJ+nQ==",
      "requires": {
        "@aws-cdk/assets": "^0.36.1",
        "@aws-cdk/aws-iam": "^0.36.1",
        "@aws-cdk/aws-s3": "^0.36.1",
        "@aws-cdk/core": "^0.36.1",
        "@aws-cdk/cx-api": "^0.36.1"
      }
    },
    "@aws-cdk/aws-secretsmanager": {
      "version": "0.36.1",
      "resolved": "https://registry.npmjs.org/@aws-cdk/aws-secretsmanager/-/aws-secretsmanager-0.36.1.tgz",
      "integrity": "sha512-IamTIAJDRcj1XYTDcdoMB37GYYkGIMeKzthb+2o3xtaesEYc94LyC6bBeoHMO+JqhSA1cJySCGXdevCOenTYqw==",
      "requires": {
        "@aws-cdk/aws-ec2": "^0.36.1",
        "@aws-cdk/aws-iam": "^0.36.1",
        "@aws-cdk/aws-kms": "^0.36.1",
        "@aws-cdk/aws-lambda": "^0.36.1",
        "@aws-cdk/core": "^0.36.1"
      }
    },
    "@aws-cdk/aws-servicediscovery": {
      "version": "0.36.1",
      "resolved": "https://registry.npmjs.org/@aws-cdk/aws-servicediscovery/-/aws-servicediscovery-0.36.1.tgz",
      "integrity": "sha512-YzrJLGJNfvTx2pqnxK7U8to5dmT0X/1PCpe2H0oElFLr+8ROfU4oA7/TH5wNpPvp0TdcNCS5pdLhBlqGRjh0PA==",
      "requires": {
        "@aws-cdk/aws-ec2": "^0.36.1",
        "@aws-cdk/aws-elasticloadbalancingv2": "^0.36.1",
        "@aws-cdk/aws-route53": "^0.36.1",
        "@aws-cdk/core": "^0.36.1"
      }
    },
    "@aws-cdk/aws-sns": {
      "version": "0.36.1",
      "resolved": "https://registry.npmjs.org/@aws-cdk/aws-sns/-/aws-sns-0.36.1.tgz",
      "integrity": "sha512-/B3a6ikT5WBg14NmhFEzqxkJKezNjzysO5suotdJ6GYbWdAogZG2PwdpjTR72ghS0wZ3wQIXcofeuCkMLmHaHw==",
      "requires": {
        "@aws-cdk/aws-cloudwatch": "^0.36.1",
        "@aws-cdk/aws-events": "^0.36.1",
        "@aws-cdk/aws-iam": "^0.36.1",
        "@aws-cdk/core": "^0.36.1"
      }
    },
    "@aws-cdk/aws-sns-subscriptions": {
      "version": "0.36.1",
      "resolved": "https://registry.npmjs.org/@aws-cdk/aws-sns-subscriptions/-/aws-sns-subscriptions-0.36.1.tgz",
      "integrity": "sha512-Uexy9VOA90steEub+s4ydcjJqCmjX8nlFVvXQ/OI8A5G8uyqk61QdBFDrXVukc8tj2jlpzLTeyuuwXtMKfyZMw==",
      "requires": {
        "@aws-cdk/aws-iam": "^0.36.1",
        "@aws-cdk/aws-lambda": "^0.36.1",
        "@aws-cdk/aws-sns": "^0.36.1",
        "@aws-cdk/aws-sqs": "^0.36.1",
        "@aws-cdk/core": "^0.36.1"
      }
    },
    "@aws-cdk/aws-sqs": {
      "version": "0.36.1",
      "resolved": "https://registry.npmjs.org/@aws-cdk/aws-sqs/-/aws-sqs-0.36.1.tgz",
      "integrity": "sha512-3CKUZqqMqJdDfUvth5wyLFmbNEluVoH1NpaOzm7a8zlHKI9bp91t09+0jbHMAT84IGdjqhW6J87CdJBPA4llCA==",
      "requires": {
        "@aws-cdk/aws-cloudwatch": "^0.36.1",
        "@aws-cdk/aws-iam": "^0.36.1",
        "@aws-cdk/aws-kms": "^0.36.1",
        "@aws-cdk/core": "^0.36.1"
      }
    },
    "@aws-cdk/aws-ssm": {
      "version": "0.36.1",
      "resolved": "https://registry.npmjs.org/@aws-cdk/aws-ssm/-/aws-ssm-0.36.1.tgz",
      "integrity": "sha512-qLtUVL15Hs++BfdEMAc9e42/vC/XK9hhrmp45bk3iG9UmBwBwuz9/dpO6PztJJzOG8JMxrSNxw9HZxtuRFf6ow==",
      "requires": {
        "@aws-cdk/aws-iam": "^0.36.1",
        "@aws-cdk/core": "^0.36.1",
        "@aws-cdk/cx-api": "^0.36.1"
      }
    },
    "@aws-cdk/aws-stepfunctions": {
      "version": "0.36.1",
      "resolved": "https://registry.npmjs.org/@aws-cdk/aws-stepfunctions/-/aws-stepfunctions-0.36.1.tgz",
      "integrity": "sha512-GooZQp58aglDQ+tPY4l/S/7Q7L9qHVbhtA58Q0GplDaNx/NIAv1d2DmCSDdCPTYtt0kXOTTIac2ImXCY9NkjiA==",
      "requires": {
        "@aws-cdk/aws-cloudwatch": "^0.36.1",
        "@aws-cdk/aws-events": "^0.36.1",
        "@aws-cdk/aws-iam": "^0.36.1",
        "@aws-cdk/core": "^0.36.1"
      }
    },
    "@aws-cdk/cdk": {
      "version": "0.36.1",
      "resolved": "https://registry.npmjs.org/@aws-cdk/cdk/-/cdk-0.36.1.tgz",
      "integrity": "sha512-zANjIxZZM/sFns5zUbGEBikZcF4m+77aNQ6o6vcQkVcglky9peZ0q7T4urngSDP/QHnjsqpp6QrJaLSvjcInJg=="
    },
    "@aws-cdk/core": {
      "version": "0.36.1",
      "resolved": "https://registry.npmjs.org/@aws-cdk/core/-/core-0.36.1.tgz",
      "integrity": "sha512-NLrr2GppjHaOhs8LaGoUGb7Uy5l9kuX5GeTefjaGhKBc9sjnqumtCmASW1GUUXH5tUkZ6vL31VKO3rBBZ26EAw==",
      "requires": {
        "@aws-cdk/cx-api": "^0.36.1"
      }
    },
    "@aws-cdk/custom-resources": {
      "version": "0.36.1",
      "resolved": "https://registry.npmjs.org/@aws-cdk/custom-resources/-/custom-resources-0.36.1.tgz",
      "integrity": "sha512-UvQ3/ZRSninXLmchbp254cPSHp/NRIvqpDe+4GyxIszw50bwhNGJuY46iTFAsa0gPp8qIqFHGztrejA0ssk0Zg==",
      "requires": {
        "@aws-cdk/aws-cloudformation": "^0.36.1",
        "@aws-cdk/aws-iam": "^0.36.1",
        "@aws-cdk/aws-lambda": "^0.36.1",
        "@aws-cdk/aws-sns": "^0.36.1",
        "@aws-cdk/core": "^0.36.1"
      }
    },
    "@aws-cdk/cx-api": {
      "version": "0.36.1",
      "resolved": "https://registry.npmjs.org/@aws-cdk/cx-api/-/cx-api-0.36.1.tgz",
      "integrity": "sha512-B2AXlGZv29Ri2aNnXf0VpZ820o5Mo2w9oNIaJkBvvhGOAPl6Q+sNfoa/yuwiTNSmJfAKT/4ZIvsBBWbnKgDVhg==",
      "requires": {
        "semver": "^6.1.1"
      },
      "dependencies": {
        "semver": {
          "version": "6.1.1",
          "bundled": true
        }
      }
    },
    "@aws-cdk/region-info": {
      "version": "0.36.1",
      "resolved": "https://registry.npmjs.org/@aws-cdk/region-info/-/region-info-0.36.1.tgz",
      "integrity": "sha512-yY/4pcJ3VMpFPEmin7z8I4PP12o9MHUQaTg2dJS1djyqtDAq7UXaOhwJgm6u+ALymlm++7t3j/KyvbCyUMksJg=="
    },
    "@types/node": {
      "version": "12.0.10",
      "resolved": "https://registry.npmjs.org/@types/node/-/node-12.0.10.tgz",
      "integrity": "sha512-LcsGbPomWsad6wmMNv7nBLw7YYYyfdYcz6xryKYQhx89c3XXan+8Q6AJ43G5XDIaklaVkK3mE4fCb0SBvMiPSQ==",
      "dev": true
    }
  }
}
