{
  "name": "@pgarbe/drift-checker",
  "version": "0.1.0-alpha.3",
  "lockfileVersion": 1,
  "requires": true,
  "dependencies": {
    "@aws-cdk/assets": {
      "version": "0.39.0",
      "resolved": "https://registry.npmjs.org/@aws-cdk/assets/-/assets-0.39.0.tgz",
      "integrity": "sha512-/BhVtXJJq/trMhgadl1wJViFedMgti6o98HBMWvanuTzBqBkxWcp+3bkRWLKycXyQWf/akFvZVPqcKfhnjp0XQ==",
      "requires": {
        "@aws-cdk/core": "^0.39.0",
        "@aws-cdk/cx-api": "^0.39.0",
        "minimatch": "^3.0.4"
      },
      "dependencies": {
        "balanced-match": {
          "version": "1.0.0",
          "bundled": true
        },
        "brace-expansion": {
          "version": "1.1.11",
          "bundled": true,
          "requires": {
            "balanced-match": "^1.0.0",
            "concat-map": "0.0.1"
          }
        },
        "concat-map": {
          "version": "0.0.1",
          "bundled": true
        },
        "minimatch": {
          "version": "3.0.4",
          "bundled": true,
          "requires": {
            "brace-expansion": "^1.1.7"
          }
        }
      }
    },
    "@aws-cdk/aws-apigateway": {
      "version": "0.39.0",
      "resolved": "https://registry.npmjs.org/@aws-cdk/aws-apigateway/-/aws-apigateway-0.39.0.tgz",
      "integrity": "sha512-gC1/GVU5/SdwkTCSTFGxwDGt9ONE85ayP6hlaOJ2Hf6SdeJlYd5t5a8R2fH/m7GDHSswPO6tJ0CmOntxmF2H4w==",
      "requires": {
        "@aws-cdk/aws-certificatemanager": "^0.39.0",
        "@aws-cdk/aws-elasticloadbalancingv2": "^0.39.0",
        "@aws-cdk/aws-iam": "^0.39.0",
        "@aws-cdk/aws-lambda": "^0.39.0",
        "@aws-cdk/core": "^0.39.0"
      }
    },
    "@aws-cdk/aws-applicationautoscaling": {
      "version": "0.39.0",
      "resolved": "https://registry.npmjs.org/@aws-cdk/aws-applicationautoscaling/-/aws-applicationautoscaling-0.39.0.tgz",
      "integrity": "sha512-cYijoHxOZoHpmcZiEeik1N+8CVEvywWKEIFPJ14r8vR0UELoO/qDYZt82y0wICTBaRo9BSmuK5Khw7nRDUSKkg==",
      "requires": {
        "@aws-cdk/aws-autoscaling-common": "^0.39.0",
        "@aws-cdk/aws-cloudwatch": "^0.39.0",
        "@aws-cdk/aws-iam": "^0.39.0",
        "@aws-cdk/core": "^0.39.0"
      }
    },
    "@aws-cdk/aws-autoscaling": {
      "version": "0.39.0",
      "resolved": "https://registry.npmjs.org/@aws-cdk/aws-autoscaling/-/aws-autoscaling-0.39.0.tgz",
      "integrity": "sha512-4GlIU4iHJMAhRGvk4d9vHb+2TM2lK8EIeEZ2wH17UxEEq1yKT7Sp0IAnAEbceJC5mLNXEIQYzs00NmhdettnKQ==",
      "requires": {
        "@aws-cdk/aws-autoscaling-common": "^0.39.0",
        "@aws-cdk/aws-cloudwatch": "^0.39.0",
        "@aws-cdk/aws-ec2": "^0.39.0",
        "@aws-cdk/aws-elasticloadbalancing": "^0.39.0",
        "@aws-cdk/aws-elasticloadbalancingv2": "^0.39.0",
        "@aws-cdk/aws-iam": "^0.39.0",
        "@aws-cdk/aws-sns": "^0.39.0",
        "@aws-cdk/core": "^0.39.0"
      }
    },
    "@aws-cdk/aws-autoscaling-common": {
      "version": "0.39.0",
      "resolved": "https://registry.npmjs.org/@aws-cdk/aws-autoscaling-common/-/aws-autoscaling-common-0.39.0.tgz",
      "integrity": "sha512-S+l++ARjk/jVYoTeu/VlL7arVZGjJ1Fv0JZzX7OIDR0ZSe9Jei+Dhyb948U8MeplBnr5h1/dJud54BlIBTca0Q==",
      "requires": {
        "@aws-cdk/aws-iam": "^0.39.0",
        "@aws-cdk/core": "^0.39.0"
      }
    },
    "@aws-cdk/aws-autoscaling-hooktargets": {
      "version": "0.39.0",
      "resolved": "https://registry.npmjs.org/@aws-cdk/aws-autoscaling-hooktargets/-/aws-autoscaling-hooktargets-0.39.0.tgz",
      "integrity": "sha512-bQZ0wLxxRHXJIV8xrrai5JSGtPqpwFrhhH8sowDI5B5S10c2sjaDf3gq/Jn0E/tFKf+/L21i2k/pdmMA2TvY9Q==",
      "requires": {
        "@aws-cdk/aws-autoscaling": "^0.39.0",
        "@aws-cdk/aws-iam": "^0.39.0",
        "@aws-cdk/aws-lambda": "^0.39.0",
        "@aws-cdk/aws-sns": "^0.39.0",
        "@aws-cdk/aws-sns-subscriptions": "^0.39.0",
        "@aws-cdk/aws-sqs": "^0.39.0",
        "@aws-cdk/core": "^0.39.0"
      }
    },
    "@aws-cdk/aws-certificatemanager": {
      "version": "0.39.0",
      "resolved": "https://registry.npmjs.org/@aws-cdk/aws-certificatemanager/-/aws-certificatemanager-0.39.0.tgz",
      "integrity": "sha512-6dg2KkvnInR4vjBApIUuVb8f+/DDZaiaZjVgTNxXEH0E2CL3+WMjhy3fHMINmqMhA1Ymfzlfu3KUTf71n5PEMA==",
      "requires": {
        "@aws-cdk/aws-cloudformation": "^0.39.0",
        "@aws-cdk/aws-iam": "^0.39.0",
        "@aws-cdk/aws-lambda": "^0.39.0",
        "@aws-cdk/aws-route53": "^0.39.0",
        "@aws-cdk/core": "^0.39.0"
      }
    },
    "@aws-cdk/aws-cloudformation": {
      "version": "0.39.0",
      "resolved": "https://registry.npmjs.org/@aws-cdk/aws-cloudformation/-/aws-cloudformation-0.39.0.tgz",
      "integrity": "sha512-8yFJINh7u7RcYAun4N5q23M6m1JlZQ+yxS9ZWTmXApfbaDdbEGqj7gDh4KPEu1zKzbfrpWKNn0xhXRUhPnInGQ==",
      "requires": {
        "@aws-cdk/aws-iam": "^0.39.0",
        "@aws-cdk/aws-lambda": "^0.39.0",
        "@aws-cdk/aws-sns": "^0.39.0",
        "@aws-cdk/core": "^0.39.0"
      }
    },
    "@aws-cdk/aws-cloudfront": {
      "version": "0.39.0",
      "resolved": "https://registry.npmjs.org/@aws-cdk/aws-cloudfront/-/aws-cloudfront-0.39.0.tgz",
      "integrity": "sha512-LbtsyWOh14hBVuOCFOpu+6M0vwDrBuq5fYE5wYLRuxqiWElNZQCZWvNI3wp/86wK6S0/yewi9Ug7I5cOJ2hzjA==",
      "requires": {
        "@aws-cdk/aws-certificatemanager": "^0.39.0",
        "@aws-cdk/aws-iam": "^0.39.0",
        "@aws-cdk/aws-kms": "^0.39.0",
        "@aws-cdk/aws-lambda": "^0.39.0",
        "@aws-cdk/aws-s3": "^0.39.0",
        "@aws-cdk/core": "^0.39.0"
      }
    },
    "@aws-cdk/aws-cloudwatch": {
      "version": "0.39.0",
      "resolved": "https://registry.npmjs.org/@aws-cdk/aws-cloudwatch/-/aws-cloudwatch-0.39.0.tgz",
      "integrity": "sha512-3nL6RcIBmWsXoDkk1SyX545e5TfZLtXuLm091x4GqSqeMmfupy1bD1WLgVLYIWw4hH9nN/C3wkiduPfrUAKaqQ==",
      "requires": {
        "@aws-cdk/aws-iam": "^0.39.0",
        "@aws-cdk/core": "^0.39.0"
      }
    },
    "@aws-cdk/aws-codebuild": {
      "version": "0.39.0",
      "resolved": "https://registry.npmjs.org/@aws-cdk/aws-codebuild/-/aws-codebuild-0.39.0.tgz",
      "integrity": "sha512-kNoCux3EHGkM3nwLdtpKgDmW7Ek8NXbUEi+JzFdAHuZujmGnjzw6Y+NVVnojsw2PItSt6kRnqS9Hb2W4CQpGAg==",
      "requires": {
        "@aws-cdk/assets": "^0.39.0",
        "@aws-cdk/aws-cloudwatch": "^0.39.0",
        "@aws-cdk/aws-codecommit": "^0.39.0",
        "@aws-cdk/aws-ec2": "^0.39.0",
        "@aws-cdk/aws-ecr": "^0.39.0",
        "@aws-cdk/aws-ecr-assets": "^0.39.0",
        "@aws-cdk/aws-events": "^0.39.0",
        "@aws-cdk/aws-iam": "^0.39.0",
        "@aws-cdk/aws-kms": "^0.39.0",
        "@aws-cdk/aws-s3": "^0.39.0",
        "@aws-cdk/aws-s3-assets": "^0.39.0",
        "@aws-cdk/aws-secretsmanager": "^0.39.0",
        "@aws-cdk/core": "^0.39.0"
      }
    },
    "@aws-cdk/aws-codecommit": {
      "version": "0.39.0",
      "resolved": "https://registry.npmjs.org/@aws-cdk/aws-codecommit/-/aws-codecommit-0.39.0.tgz",
      "integrity": "sha512-x1lzPXbLaXLTSvFjhgsNISv2TytMyJAuArMegyj2tLPBAgUd+6twi049FAE7CzDSipoIfMxgU8zLPeyjuT+Nqw==",
      "requires": {
        "@aws-cdk/aws-events": "^0.39.0",
        "@aws-cdk/aws-iam": "^0.39.0",
        "@aws-cdk/core": "^0.39.0"
      }
    },
    "@aws-cdk/aws-codepipeline": {
      "version": "0.39.0",
      "resolved": "https://registry.npmjs.org/@aws-cdk/aws-codepipeline/-/aws-codepipeline-0.39.0.tgz",
      "integrity": "sha512-Uob0rQ7Ve7dUm1KYcqyJRs9PjrNzZBkkB0M6mtqXEa74z2LAF+qDxoSLYVX+aZLYU53vHTT08mdXJuwC+24ZNw==",
      "requires": {
        "@aws-cdk/aws-events": "^0.39.0",
        "@aws-cdk/aws-iam": "^0.39.0",
        "@aws-cdk/aws-kms": "^0.39.0",
        "@aws-cdk/aws-s3": "^0.39.0",
        "@aws-cdk/core": "^0.39.0"
      }
    },
    "@aws-cdk/aws-ec2": {
      "version": "0.39.0",
      "resolved": "https://registry.npmjs.org/@aws-cdk/aws-ec2/-/aws-ec2-0.39.0.tgz",
      "integrity": "sha512-TtEzgtjNPkPtkonTl44YOkOM2AUjyEQrqd8PnB7apG1Y7UWx+Z63LCqd329hmkkeluN9DwUDJ5qE0GLXhVCwiw==",
      "requires": {
        "@aws-cdk/aws-cloudwatch": "^0.39.0",
        "@aws-cdk/aws-iam": "^0.39.0",
        "@aws-cdk/aws-ssm": "^0.39.0",
        "@aws-cdk/core": "^0.39.0",
        "@aws-cdk/cx-api": "^0.39.0"
      }
    },
    "@aws-cdk/aws-ecr": {
      "version": "0.39.0",
      "resolved": "https://registry.npmjs.org/@aws-cdk/aws-ecr/-/aws-ecr-0.39.0.tgz",
      "integrity": "sha512-udpUhAXZby+WNyAfMyXtd6cKB+ezxMCDVfIgU3e0qKAJIZtPzXzkVzJyziV9+WeFE0CfRN+7RvNk3rmI5LE/zw==",
      "requires": {
        "@aws-cdk/aws-events": "^0.39.0",
        "@aws-cdk/aws-iam": "^0.39.0",
        "@aws-cdk/core": "^0.39.0"
      }
    },
    "@aws-cdk/aws-ecr-assets": {
      "version": "0.39.0",
      "resolved": "https://registry.npmjs.org/@aws-cdk/aws-ecr-assets/-/aws-ecr-assets-0.39.0.tgz",
      "integrity": "sha512-XswjdAT5b/0DZYyM8elx77U322S8WzKCk35O2Q5Xd6dEQQiAN41u762pT7qjUHVUgXhKVU3P/7qqRGkDBpXZnw==",
      "requires": {
        "@aws-cdk/assets": "^0.39.0",
        "@aws-cdk/aws-cloudformation": "^0.39.0",
        "@aws-cdk/aws-ecr": "^0.39.0",
        "@aws-cdk/aws-iam": "^0.39.0",
        "@aws-cdk/aws-lambda": "^0.39.0",
        "@aws-cdk/aws-s3": "^0.39.0",
        "@aws-cdk/core": "^0.39.0",
        "@aws-cdk/cx-api": "^0.39.0"
      }
    },
    "@aws-cdk/aws-ecs": {
      "version": "0.39.0",
      "resolved": "https://registry.npmjs.org/@aws-cdk/aws-ecs/-/aws-ecs-0.39.0.tgz",
      "integrity": "sha512-Ld9CqzNw2rkG3cxudKx0eV7Gemay2k+c3BQvFLYLUPBFHAwWhJEDSlOUPPjjF34tI0JKwqDie3ZMRH+zfj03jw==",
      "requires": {
        "@aws-cdk/aws-applicationautoscaling": "^0.39.0",
        "@aws-cdk/aws-autoscaling": "^0.39.0",
        "@aws-cdk/aws-autoscaling-hooktargets": "^0.39.0",
        "@aws-cdk/aws-certificatemanager": "^0.39.0",
        "@aws-cdk/aws-cloudformation": "^0.39.0",
        "@aws-cdk/aws-cloudwatch": "^0.39.0",
        "@aws-cdk/aws-ec2": "^0.39.0",
        "@aws-cdk/aws-ecr": "^0.39.0",
        "@aws-cdk/aws-ecr-assets": "^0.39.0",
        "@aws-cdk/aws-elasticloadbalancing": "^0.39.0",
        "@aws-cdk/aws-elasticloadbalancingv2": "^0.39.0",
        "@aws-cdk/aws-iam": "^0.39.0",
        "@aws-cdk/aws-lambda": "^0.39.0",
        "@aws-cdk/aws-logs": "^0.39.0",
        "@aws-cdk/aws-route53": "^0.39.0",
        "@aws-cdk/aws-route53-targets": "^0.39.0",
        "@aws-cdk/aws-secretsmanager": "^0.39.0",
        "@aws-cdk/aws-servicediscovery": "^0.39.0",
        "@aws-cdk/aws-sns": "^0.39.0",
        "@aws-cdk/aws-sqs": "^0.39.0",
        "@aws-cdk/aws-ssm": "^0.39.0",
        "@aws-cdk/core": "^0.39.0",
        "@aws-cdk/cx-api": "^0.39.0"
      }
    },
    "@aws-cdk/aws-elasticloadbalancing": {
      "version": "0.39.0",
      "resolved": "https://registry.npmjs.org/@aws-cdk/aws-elasticloadbalancing/-/aws-elasticloadbalancing-0.39.0.tgz",
      "integrity": "sha512-r1uyHJ2oOpEWRrgsPSmrLi2FYRrxt0/C5eYoe3JNz3uhCPJSQW/AXME9SyKTXi3YcKEw4Vr0aLqbI8nF6/9qfA==",
      "requires": {
        "@aws-cdk/aws-ec2": "^0.39.0",
        "@aws-cdk/core": "^0.39.0"
      }
    },
    "@aws-cdk/aws-elasticloadbalancingv2": {
      "version": "0.39.0",
      "resolved": "https://registry.npmjs.org/@aws-cdk/aws-elasticloadbalancingv2/-/aws-elasticloadbalancingv2-0.39.0.tgz",
      "integrity": "sha512-YzWTgFQQecRYeV5SfP+HJ9Ob1GBBxIUaARG2s8Q9JWnIe32pnEeaGTafg3LqJenymxfJKcgwaukYMM5CuqBTgw==",
      "requires": {
        "@aws-cdk/aws-certificatemanager": "^0.39.0",
        "@aws-cdk/aws-cloudwatch": "^0.39.0",
        "@aws-cdk/aws-ec2": "^0.39.0",
        "@aws-cdk/aws-iam": "^0.39.0",
        "@aws-cdk/aws-s3": "^0.39.0",
        "@aws-cdk/core": "^0.39.0"
      }
    },
    "@aws-cdk/aws-events": {
      "version": "0.39.0",
      "resolved": "https://registry.npmjs.org/@aws-cdk/aws-events/-/aws-events-0.39.0.tgz",
      "integrity": "sha512-LqHrBAqZAzEKCo+OkdfMc5JFoER6JrJxuiCQ27CuzaBxybXWKTk10ykBint2uD1pSNS06OXxDv/LXAqrUxRbuw==",
      "requires": {
        "@aws-cdk/aws-iam": "^0.39.0",
        "@aws-cdk/core": "^0.39.0"
      }
    },
    "@aws-cdk/aws-events-targets": {
      "version": "0.39.0",
      "resolved": "https://registry.npmjs.org/@aws-cdk/aws-events-targets/-/aws-events-targets-0.39.0.tgz",
      "integrity": "sha512-rmDYyHlxL3m4UfOL6SecPX0nD2QXywiP+JDZmusunX7+oTJAVtWETmYOp7iBJuhZROHKahhXv5OeMXbntWZX2g==",
      "requires": {
        "@aws-cdk/aws-cloudformation": "^0.39.0",
        "@aws-cdk/aws-codebuild": "^0.39.0",
        "@aws-cdk/aws-codepipeline": "^0.39.0",
        "@aws-cdk/aws-ec2": "^0.39.0",
        "@aws-cdk/aws-ecs": "^0.39.0",
        "@aws-cdk/aws-events": "^0.39.0",
        "@aws-cdk/aws-iam": "^0.39.0",
        "@aws-cdk/aws-lambda": "^0.39.0",
        "@aws-cdk/aws-sns": "^0.39.0",
        "@aws-cdk/aws-sns-subscriptions": "^0.39.0",
        "@aws-cdk/aws-sqs": "^0.39.0",
        "@aws-cdk/aws-stepfunctions": "^0.39.0",
        "@aws-cdk/core": "^0.39.0",
        "@aws-cdk/custom-resources": "^0.39.0"
      }
    },
    "@aws-cdk/aws-iam": {
      "version": "0.39.0",
      "resolved": "https://registry.npmjs.org/@aws-cdk/aws-iam/-/aws-iam-0.39.0.tgz",
      "integrity": "sha512-2AXcRbEilC6UUYB/+6rASFkgwfL63etw5XWr2cvqom73/oa8QvsQXql6lvBXO3hXRwQlwB/brCcL25TWb1ePTg==",
      "requires": {
        "@aws-cdk/core": "^0.39.0",
        "@aws-cdk/region-info": "^0.39.0"
      }
    },
    "@aws-cdk/aws-kms": {
      "version": "0.39.0",
      "resolved": "https://registry.npmjs.org/@aws-cdk/aws-kms/-/aws-kms-0.39.0.tgz",
      "integrity": "sha512-er1Zb7fBOUzLoku0iz0UbCR0sA/xXP8zHh/xQ0c8mlqDdGkB+DdSLKjX5f6BjDjJTF2FiiXfsBpWWMCjRroszw==",
      "requires": {
        "@aws-cdk/aws-iam": "^0.39.0",
        "@aws-cdk/core": "^0.39.0"
      }
    },
    "@aws-cdk/aws-lambda": {
      "version": "0.39.0",
      "resolved": "https://registry.npmjs.org/@aws-cdk/aws-lambda/-/aws-lambda-0.39.0.tgz",
      "integrity": "sha512-oQhurQ+NAIsgDNKwDbSXSBSK9bWDwtbanNeGpxjrkmqvCf/+4uhsHkFxCMOGG+JjMKmxPH0Z/nMz+T9po8KVdw==",
      "requires": {
        "@aws-cdk/aws-cloudwatch": "^0.39.0",
        "@aws-cdk/aws-ec2": "^0.39.0",
        "@aws-cdk/aws-events": "^0.39.0",
        "@aws-cdk/aws-iam": "^0.39.0",
        "@aws-cdk/aws-logs": "^0.39.0",
        "@aws-cdk/aws-s3": "^0.39.0",
        "@aws-cdk/aws-s3-assets": "^0.39.0",
        "@aws-cdk/aws-sqs": "^0.39.0",
        "@aws-cdk/core": "^0.39.0",
        "@aws-cdk/cx-api": "^0.39.0"
      }
    },
    "@aws-cdk/aws-logs": {
      "version": "0.39.0",
      "resolved": "https://registry.npmjs.org/@aws-cdk/aws-logs/-/aws-logs-0.39.0.tgz",
      "integrity": "sha512-ywvjJTuqcjG/fG8lYnd6v+Fy2Gok2M5Slet+tQHjXeLrT78110V40xiYEHW24NJOTATc8LVl3QhML9pxoMQoEQ==",
      "requires": {
        "@aws-cdk/aws-cloudwatch": "^0.39.0",
        "@aws-cdk/aws-iam": "^0.39.0",
        "@aws-cdk/core": "^0.39.0"
      }
    },
    "@aws-cdk/aws-route53": {
      "version": "0.39.0",
      "resolved": "https://registry.npmjs.org/@aws-cdk/aws-route53/-/aws-route53-0.39.0.tgz",
      "integrity": "sha512-b6lliCpCMWzMJcZE3rgCYWggBxd+1qLl/JuYA8EBZFjQ8QuU4zHdUnSlZD7LXkDvDveVlnFkoN7onOKpbSJOAA==",
      "requires": {
        "@aws-cdk/aws-ec2": "^0.39.0",
        "@aws-cdk/aws-logs": "^0.39.0",
        "@aws-cdk/core": "^0.39.0",
        "@aws-cdk/cx-api": "^0.39.0"
      }
    },
    "@aws-cdk/aws-route53-targets": {
      "version": "0.39.0",
      "resolved": "https://registry.npmjs.org/@aws-cdk/aws-route53-targets/-/aws-route53-targets-0.39.0.tgz",
      "integrity": "sha512-f0uRSSgyzc/VhIHSNlYCnS6gYkYa/Ew8gpdquP217Hosy0vxpoOejhgxCEhkqIoYGG3T/TMl19Mkj/oZ9V9rrw==",
      "requires": {
        "@aws-cdk/aws-apigateway": "^0.39.0",
        "@aws-cdk/aws-cloudfront": "^0.39.0",
        "@aws-cdk/aws-elasticloadbalancingv2": "^0.39.0",
        "@aws-cdk/aws-iam": "^0.39.0",
        "@aws-cdk/aws-route53": "^0.39.0",
        "@aws-cdk/core": "^0.39.0"
      }
    },
    "@aws-cdk/aws-s3": {
      "version": "0.39.0",
      "resolved": "https://registry.npmjs.org/@aws-cdk/aws-s3/-/aws-s3-0.39.0.tgz",
      "integrity": "sha512-FD2ZiyHBxVIqSgPDyMopc88jeFtiSAXi9uP4FjZ7WcNYnF/rNqhfSycCEjHvadrKhknvL+OREnIUdkHVfdXIOQ==",
      "requires": {
        "@aws-cdk/aws-events": "^0.39.0",
        "@aws-cdk/aws-iam": "^0.39.0",
        "@aws-cdk/aws-kms": "^0.39.0",
        "@aws-cdk/core": "^0.39.0"
      }
    },
    "@aws-cdk/aws-s3-assets": {
      "version": "0.39.0",
      "resolved": "https://registry.npmjs.org/@aws-cdk/aws-s3-assets/-/aws-s3-assets-0.39.0.tgz",
      "integrity": "sha512-lDKEyxiRFg0Vh+72HBMKWtTsPaWO9JY2F98G5YseEzIu2tjIxvxzrFkl4O2XANinlsWPf7gKMeI9WS+CEWz1yQ==",
      "requires": {
        "@aws-cdk/assets": "^0.39.0",
        "@aws-cdk/aws-iam": "^0.39.0",
        "@aws-cdk/aws-s3": "^0.39.0",
        "@aws-cdk/core": "^0.39.0",
        "@aws-cdk/cx-api": "^0.39.0"
      }
    },
    "@aws-cdk/aws-secretsmanager": {
      "version": "0.39.0",
      "resolved": "https://registry.npmjs.org/@aws-cdk/aws-secretsmanager/-/aws-secretsmanager-0.39.0.tgz",
      "integrity": "sha512-FFGVmucZNkrDVM0bIoFOVB8dv9j8uAGrCbORTXftK+Tv4UnLbq/k5PY7FoQ/ikgqmAlc7bwBD1AhGdG13g11tA==",
      "requires": {
        "@aws-cdk/aws-ec2": "^0.39.0",
        "@aws-cdk/aws-iam": "^0.39.0",
        "@aws-cdk/aws-kms": "^0.39.0",
        "@aws-cdk/aws-lambda": "^0.39.0",
        "@aws-cdk/core": "^0.39.0"
      }
    },
    "@aws-cdk/aws-servicediscovery": {
      "version": "0.39.0",
      "resolved": "https://registry.npmjs.org/@aws-cdk/aws-servicediscovery/-/aws-servicediscovery-0.39.0.tgz",
      "integrity": "sha512-L84a7Qp11loX93T6girz5xHC7nswzKFMYu4G6y5RrJTjbs6d9fYrUe+r0/wmh77i2d7847PuWWQxbhuhB7Vq7g==",
      "requires": {
        "@aws-cdk/aws-ec2": "^0.39.0",
        "@aws-cdk/aws-elasticloadbalancingv2": "^0.39.0",
        "@aws-cdk/aws-route53": "^0.39.0",
        "@aws-cdk/core": "^0.39.0"
      }
    },
    "@aws-cdk/aws-sns": {
      "version": "0.39.0",
      "resolved": "https://registry.npmjs.org/@aws-cdk/aws-sns/-/aws-sns-0.39.0.tgz",
      "integrity": "sha512-5adPGkYCmMqjIMC/0YTzu7EiHhy4+WVrNZSEJ1RKzwMIa34Wjmev5fneOvrZNSrNrBzpoCftVbEAZBaJD0y6Kg==",
      "requires": {
        "@aws-cdk/aws-cloudwatch": "^0.39.0",
        "@aws-cdk/aws-events": "^0.39.0",
        "@aws-cdk/aws-iam": "^0.39.0",
        "@aws-cdk/core": "^0.39.0"
      }
    },
    "@aws-cdk/aws-sns-subscriptions": {
      "version": "0.39.0",
      "resolved": "https://registry.npmjs.org/@aws-cdk/aws-sns-subscriptions/-/aws-sns-subscriptions-0.39.0.tgz",
      "integrity": "sha512-GpPhGFKJJBS9Cb/ShFKPddkxjIVAtXaup76H/exGaS//ASew0eQiablWHvRSs+p5GxxP9/FTjqOnq1NcyVjieQ==",
      "requires": {
        "@aws-cdk/aws-iam": "^0.39.0",
        "@aws-cdk/aws-lambda": "^0.39.0",
        "@aws-cdk/aws-sns": "^0.39.0",
        "@aws-cdk/aws-sqs": "^0.39.0",
        "@aws-cdk/core": "^0.39.0"
      }
    },
    "@aws-cdk/aws-sqs": {
      "version": "0.39.0",
      "resolved": "https://registry.npmjs.org/@aws-cdk/aws-sqs/-/aws-sqs-0.39.0.tgz",
      "integrity": "sha512-FA6UGvTN55VsF6IwfVXd6lA7xsxUWEie+06yPLSGcEaniuPId+Cvazo7BNQRLUhFz13778lyjThtnUwvBsbYUg==",
      "requires": {
        "@aws-cdk/aws-cloudwatch": "^0.39.0",
        "@aws-cdk/aws-iam": "^0.39.0",
        "@aws-cdk/aws-kms": "^0.39.0",
        "@aws-cdk/core": "^0.39.0"
      }
    },
    "@aws-cdk/aws-ssm": {
      "version": "0.39.0",
      "resolved": "https://registry.npmjs.org/@aws-cdk/aws-ssm/-/aws-ssm-0.39.0.tgz",
      "integrity": "sha512-1oyjhNSv1BofVx9RxAEtfA8WYc5Dw7lgv6jZOaGZ+u7jrjh5WShCJtI5bkOasyKEYgAsk4nPRn2msu65wL8XWw==",
      "requires": {
        "@aws-cdk/aws-iam": "^0.39.0",
        "@aws-cdk/core": "^0.39.0",
        "@aws-cdk/cx-api": "^0.39.0"
      }
    },
    "@aws-cdk/aws-stepfunctions": {
      "version": "0.39.0",
      "resolved": "https://registry.npmjs.org/@aws-cdk/aws-stepfunctions/-/aws-stepfunctions-0.39.0.tgz",
      "integrity": "sha512-+dfdqkhhSXjDXvpwl2iaApM+imer4Xj3c1WRFMVwV7ML9bA09eQGDhWYOxnP2NmtRyuY3N1qcDMCuKRMuOKcJA==",
      "requires": {
        "@aws-cdk/aws-cloudwatch": "^0.39.0",
        "@aws-cdk/aws-events": "^0.39.0",
        "@aws-cdk/aws-iam": "^0.39.0",
        "@aws-cdk/core": "^0.39.0"
      }
    },
    "@aws-cdk/core": {
      "version": "0.39.0",
      "resolved": "https://registry.npmjs.org/@aws-cdk/core/-/core-0.39.0.tgz",
      "integrity": "sha512-pxPScMNfywUauNrrXuCjvLIDZTKm08ltfUy+GLzAyo/Lmn1p8OgClyco2jOQMy2CreZVTxnVeMuYchQgqjXEcA==",
      "requires": {
        "@aws-cdk/cx-api": "^0.39.0"
      }
    },
    "@aws-cdk/custom-resources": {
      "version": "0.39.0",
      "resolved": "https://registry.npmjs.org/@aws-cdk/custom-resources/-/custom-resources-0.39.0.tgz",
      "integrity": "sha512-yaMw9L41mYonBGpz87rJXqy/yUG0URKANBDY6iutocZji+NcVIi3zIVA0Zt+pFf7v2qoYQ9GJBaMDZhSNU7Pjg==",
      "requires": {
        "@aws-cdk/aws-cloudformation": "^0.39.0",
        "@aws-cdk/aws-iam": "^0.39.0",
        "@aws-cdk/aws-lambda": "^0.39.0",
        "@aws-cdk/aws-sns": "^0.39.0",
        "@aws-cdk/core": "^0.39.0"
      }
    },
    "@aws-cdk/cx-api": {
      "version": "0.39.0",
      "resolved": "https://registry.npmjs.org/@aws-cdk/cx-api/-/cx-api-0.39.0.tgz",
      "integrity": "sha512-u2bxYxM7YSWHZVqegcGsyLtFiqYjsMCweJSwYgG6d2iqlCyFz6v5CVoEpaGk9q/Q36KV7gJlep7vPc74FmkwKg==",
      "requires": {
        "semver": "^6.1.1"
      },
      "dependencies": {
        "semver": {
          "version": "6.1.1",
          "bundled": true
        }
      }
    },
    "@aws-cdk/region-info": {
      "version": "0.39.0",
      "resolved": "https://registry.npmjs.org/@aws-cdk/region-info/-/region-info-0.39.0.tgz",
      "integrity": "sha512-/ZMkQPQsTXpwzkCjWfHmHwyBHv6R49l1dmllIvikwmZWo2pTu8LYMgCdZEnMcYcxzIn3Fke30JAGpNs0x+kMag=="
    },
    "@types/node": {
      "version": "12.6.1",
      "resolved": "https://registry.npmjs.org/@types/node/-/node-12.6.1.tgz",
      "integrity": "sha512-rp7La3m845mSESCgsJePNL/JQyhkOJA6G4vcwvVgkDAwHhGdq5GCumxmPjEk1MZf+8p5ZQAUE7tqgQRQTXN7uQ==",
      "dev": true
    }
  }
}
