{
  "name": "@pgarbe/drift-checker",
  "version": "0.1.0-alpha.3",
  "lockfileVersion": 1,
  "requires": true,
  "dependencies": {
    "@aws-cdk/assets": {
      "version": "0.30.0",
      "resolved": "https://registry.npmjs.org/@aws-cdk/assets/-/assets-0.30.0.tgz",
      "integrity": "sha512-XNeJQ3sxcmhYgfWuiV0D9bf2oMi/JwHNO2oIzO2CYKEXl39hKCVeVGK+LQG7agnjNZ7AeOspStWKT1Hi4C0cdg==",
      "requires": {
        "@aws-cdk/aws-iam": "^0.30.0",
        "@aws-cdk/aws-s3": "^0.30.0",
        "@aws-cdk/cdk": "^0.30.0",
        "@aws-cdk/cx-api": "^0.30.0",
        "minimatch": "^3.0.4"
      },
      "dependencies": {
        "balanced-match": {
          "version": "1.0.0",
          "bundled": true
        },
        "brace-expansion": {
          "version": "1.1.11",
          "bundled": true,
          "requires": {
            "balanced-match": "^1.0.0",
            "concat-map": "0.0.1"
          }
        },
        "concat-map": {
          "version": "0.0.1",
          "bundled": true
        },
        "minimatch": {
          "version": "3.0.4",
          "bundled": true,
          "requires": {
            "brace-expansion": "^1.1.7"
          }
        }
      }
    },
    "@aws-cdk/assets-docker": {
      "version": "0.30.0",
      "resolved": "https://registry.npmjs.org/@aws-cdk/assets-docker/-/assets-docker-0.30.0.tgz",
      "integrity": "sha512-sn4KYbsUIs+t2FkTYNiOovo6jKZRjMybRaXkyvBhaM10R9MBb91pzLp6T8fSxY3+94vF73NB7HlbU9Fz3uzLrA==",
      "requires": {
        "@aws-cdk/assets": "^0.30.0",
        "@aws-cdk/aws-cloudformation": "^0.30.0",
        "@aws-cdk/aws-ecr": "^0.30.0",
        "@aws-cdk/aws-iam": "^0.30.0",
        "@aws-cdk/aws-lambda": "^0.30.0",
        "@aws-cdk/aws-s3": "^0.30.0",
        "@aws-cdk/cdk": "^0.30.0",
        "@aws-cdk/cx-api": "^0.30.0"
      }
    },
    "@aws-cdk/aws-applicationautoscaling": {
      "version": "0.30.0",
      "resolved": "https://registry.npmjs.org/@aws-cdk/aws-applicationautoscaling/-/aws-applicationautoscaling-0.30.0.tgz",
      "integrity": "sha512-hhD+DymrKPd7rTy86V2/mVBUiom51U8E79X0zACIqpK5GhBXH2phzN9bTl9AzxQXu4aWKkkK6CVyfecuORLCyA==",
      "requires": {
        "@aws-cdk/aws-autoscaling-common": "^0.30.0",
        "@aws-cdk/aws-cloudwatch": "^0.30.0",
        "@aws-cdk/aws-iam": "^0.30.0",
        "@aws-cdk/cdk": "^0.30.0"
      }
    },
    "@aws-cdk/aws-autoscaling": {
      "version": "0.30.0",
      "resolved": "https://registry.npmjs.org/@aws-cdk/aws-autoscaling/-/aws-autoscaling-0.30.0.tgz",
      "integrity": "sha512-c4ASkPyP1sN4cbQQSJZZj4rpEHD8YDzhrT2aMB4mOF0jkW+HbGh2eMTgr6LpjlShm+7biaiEotBhENpByE2D5w==",
      "requires": {
        "@aws-cdk/aws-autoscaling-api": "^0.30.0",
        "@aws-cdk/aws-autoscaling-common": "^0.30.0",
        "@aws-cdk/aws-cloudwatch": "^0.30.0",
        "@aws-cdk/aws-ec2": "^0.30.0",
        "@aws-cdk/aws-elasticloadbalancing": "^0.30.0",
        "@aws-cdk/aws-elasticloadbalancingv2": "^0.30.0",
        "@aws-cdk/aws-iam": "^0.30.0",
        "@aws-cdk/aws-sns": "^0.30.0",
        "@aws-cdk/cdk": "^0.30.0"
      }
    },
    "@aws-cdk/aws-autoscaling-api": {
      "version": "0.30.0",
      "resolved": "https://registry.npmjs.org/@aws-cdk/aws-autoscaling-api/-/aws-autoscaling-api-0.30.0.tgz",
      "integrity": "sha512-tpiqRyTuaaskbyXEvhwSGV2a1Ce1DAJr/g1jQgkg4EoTD/3kcLN3TvEF+XTmNenJP6/OiiU/8Wj5mBMXCbc+PQ==",
      "requires": {
        "@aws-cdk/aws-iam": "^0.30.0",
        "@aws-cdk/cdk": "^0.30.0"
      }
    },
    "@aws-cdk/aws-autoscaling-common": {
      "version": "0.30.0",
      "resolved": "https://registry.npmjs.org/@aws-cdk/aws-autoscaling-common/-/aws-autoscaling-common-0.30.0.tgz",
      "integrity": "sha512-G91TrbzAS6/J5Ub/4u4besz4JsGIDj/aSKHww98gFAELGqCh6rICTVh5RtfD885HJJplpTVaitEBAkfAZZqzrw==",
      "requires": {
        "@aws-cdk/aws-iam": "^0.30.0",
        "@aws-cdk/cdk": "^0.30.0"
      }
    },
    "@aws-cdk/aws-certificatemanager": {
      "version": "0.30.0",
      "resolved": "https://registry.npmjs.org/@aws-cdk/aws-certificatemanager/-/aws-certificatemanager-0.30.0.tgz",
      "integrity": "sha512-OZDyE3+LBJKsGQ+srN0bHJH66I+XBe97uhfJr+LoRgOcqpG4wLOskvlA+dxgH8ruGL2gypBQLIE1uzL/sdcABg==",
      "requires": {
        "@aws-cdk/aws-cloudformation": "^0.30.0",
        "@aws-cdk/aws-iam": "^0.30.0",
        "@aws-cdk/aws-lambda": "^0.30.0",
        "@aws-cdk/aws-route53": "^0.30.0",
        "@aws-cdk/cdk": "^0.30.0"
      }
    },
    "@aws-cdk/aws-cloudformation": {
      "version": "0.30.0",
      "resolved": "https://registry.npmjs.org/@aws-cdk/aws-cloudformation/-/aws-cloudformation-0.30.0.tgz",
      "integrity": "sha512-8tdf/xmvc7YRJLDmQWujfb7XS4vU1XwJ4QCdzCNWhFH4EAMB1yHiAtQi8fMhFdRxr3KrUZJB3MYjbYTLZo0Eng==",
      "requires": {
        "@aws-cdk/aws-iam": "^0.30.0",
        "@aws-cdk/aws-lambda": "^0.30.0",
        "@aws-cdk/aws-sns": "^0.30.0",
        "@aws-cdk/cdk": "^0.30.0"
      }
    },
    "@aws-cdk/aws-cloudwatch": {
      "version": "0.30.0",
      "resolved": "https://registry.npmjs.org/@aws-cdk/aws-cloudwatch/-/aws-cloudwatch-0.30.0.tgz",
      "integrity": "sha512-PjKVv1i+4DLCh/1UrY6QbRwpa85dsIt2odFzJG9DT0MwkMfAbtbK7mMlDK+xwOPJ5Ie+PJDWXyi4KaESWhnYBg==",
      "requires": {
        "@aws-cdk/aws-iam": "^0.30.0",
        "@aws-cdk/cdk": "^0.30.0"
      }
    },
    "@aws-cdk/aws-codebuild": {
      "version": "0.30.0",
      "resolved": "https://registry.npmjs.org/@aws-cdk/aws-codebuild/-/aws-codebuild-0.30.0.tgz",
      "integrity": "sha512-9kK+vma2sUiHs9zJp+Bx6bBN+85EqUNEVmQFyCHM3joUQCLBaN6J3jYaxErwtiXyPaoyhdwJYwpTOTUT6ZXMRQ==",
      "requires": {
        "@aws-cdk/assets": "^0.30.0",
        "@aws-cdk/assets-docker": "^0.30.0",
        "@aws-cdk/aws-cloudwatch": "^0.30.0",
        "@aws-cdk/aws-codecommit": "^0.30.0",
        "@aws-cdk/aws-ec2": "^0.30.0",
        "@aws-cdk/aws-ecr": "^0.30.0",
        "@aws-cdk/aws-events": "^0.30.0",
        "@aws-cdk/aws-iam": "^0.30.0",
        "@aws-cdk/aws-kms": "^0.30.0",
        "@aws-cdk/aws-s3": "^0.30.0",
        "@aws-cdk/cdk": "^0.30.0"
      }
    },
    "@aws-cdk/aws-codecommit": {
      "version": "0.30.0",
      "resolved": "https://registry.npmjs.org/@aws-cdk/aws-codecommit/-/aws-codecommit-0.30.0.tgz",
      "integrity": "sha512-0e1kZPbB/NrdfkO/cXJVJ5/1BEpHGMDHjCFXarpxAQ8lTnHugqMyKw4iT6L6sD6vIGVBXHzEGz/Ry+JsCSvwJA==",
      "requires": {
        "@aws-cdk/aws-events": "^0.30.0",
        "@aws-cdk/aws-iam": "^0.30.0",
        "@aws-cdk/cdk": "^0.30.0"
      }
    },
    "@aws-cdk/aws-codedeploy-api": {
      "version": "0.30.0",
      "resolved": "https://registry.npmjs.org/@aws-cdk/aws-codedeploy-api/-/aws-codedeploy-api-0.30.0.tgz",
      "integrity": "sha512-dVvcc9afMT+3xzgcIoZEd2JS4Ijt2iVVN9/QTOJYEcmtApozaAzR+YcqsCP3g8cErZWeVU7hESQaPzYPMw4RFQ==",
      "requires": {
        "@aws-cdk/cdk": "^0.30.0"
      }
    },
    "@aws-cdk/aws-codepipeline": {
      "version": "0.30.0",
      "resolved": "https://registry.npmjs.org/@aws-cdk/aws-codepipeline/-/aws-codepipeline-0.30.0.tgz",
      "integrity": "sha512-hrNlwqN5DcwNx9lAraAgkJHErClT4vDPxxhqzIkrNYoBbfF6DRgYx5gMsvhUp4CrHrODETgyYP6UVQDGNcx3eg==",
      "requires": {
        "@aws-cdk/aws-events": "^0.30.0",
        "@aws-cdk/aws-iam": "^0.30.0",
        "@aws-cdk/aws-kms": "^0.30.0",
        "@aws-cdk/aws-s3": "^0.30.0",
        "@aws-cdk/cdk": "^0.30.0"
      }
    },
    "@aws-cdk/aws-ec2": {
      "version": "0.30.0",
      "resolved": "https://registry.npmjs.org/@aws-cdk/aws-ec2/-/aws-ec2-0.30.0.tgz",
      "integrity": "sha512-UtoESPfcuqB5B0KpNMcaZ036IPYF08/kNygAeikZgrYB1dFohX3bZqisWDi+xHZBAapKPfWLPkjW+x/Eo0JlwA==",
      "requires": {
        "@aws-cdk/aws-cloudwatch": "^0.30.0",
        "@aws-cdk/aws-iam": "^0.30.0",
        "@aws-cdk/cdk": "^0.30.0",
        "@aws-cdk/cx-api": "^0.30.0"
      }
    },
    "@aws-cdk/aws-ecr": {
      "version": "0.30.0",
      "resolved": "https://registry.npmjs.org/@aws-cdk/aws-ecr/-/aws-ecr-0.30.0.tgz",
      "integrity": "sha512-4FGG3Kf2rXBqvshPfKYdrZR+Jwu/FttPyV39i62g9k0+qTbfesh3dShdyiwSUhT5LN9GXr3EqA2iujrfzjPKKQ==",
      "requires": {
        "@aws-cdk/aws-events": "^0.30.0",
        "@aws-cdk/aws-iam": "^0.30.0",
        "@aws-cdk/cdk": "^0.30.0"
      }
    },
    "@aws-cdk/aws-ecs": {
      "version": "0.30.0",
      "resolved": "https://registry.npmjs.org/@aws-cdk/aws-ecs/-/aws-ecs-0.30.0.tgz",
      "integrity": "sha512-oqC/gFZZZygLs6mcby3KveVhOnIYmgptOn0Yd39Ej/U6Yc/f0f601D73oSEpniqBcTLECx0o3boU8ArgN3Xxvg==",
      "requires": {
        "@aws-cdk/assets-docker": "^0.30.0",
        "@aws-cdk/aws-applicationautoscaling": "^0.30.0",
        "@aws-cdk/aws-autoscaling": "^0.30.0",
        "@aws-cdk/aws-certificatemanager": "^0.30.0",
        "@aws-cdk/aws-cloudformation": "^0.30.0",
        "@aws-cdk/aws-cloudwatch": "^0.30.0",
        "@aws-cdk/aws-ec2": "^0.30.0",
        "@aws-cdk/aws-ecr": "^0.30.0",
        "@aws-cdk/aws-elasticloadbalancing": "^0.30.0",
        "@aws-cdk/aws-elasticloadbalancingv2": "^0.30.0",
        "@aws-cdk/aws-events": "^0.30.0",
        "@aws-cdk/aws-iam": "^0.30.0",
        "@aws-cdk/aws-lambda": "^0.30.0",
        "@aws-cdk/aws-logs": "^0.30.0",
        "@aws-cdk/aws-route53": "^0.30.0",
        "@aws-cdk/aws-secretsmanager": "^0.30.0",
        "@aws-cdk/aws-servicediscovery": "^0.30.0",
        "@aws-cdk/aws-sns": "^0.30.0",
        "@aws-cdk/cdk": "^0.30.0",
        "@aws-cdk/cx-api": "^0.30.0"
      }
    },
    "@aws-cdk/aws-elasticloadbalancing": {
      "version": "0.30.0",
      "resolved": "https://registry.npmjs.org/@aws-cdk/aws-elasticloadbalancing/-/aws-elasticloadbalancing-0.30.0.tgz",
      "integrity": "sha512-Alq7SSw3G+I5Db1bZfxyReJBo6o5Fwt6Xb3PGC1M6Omyuwjuk+73eQpqeqY6LWQlugWCKJMwyu7SUeKoXmk2fQ==",
      "requires": {
        "@aws-cdk/aws-codedeploy-api": "^0.30.0",
        "@aws-cdk/aws-ec2": "^0.30.0",
        "@aws-cdk/cdk": "^0.30.0"
      }
    },
    "@aws-cdk/aws-elasticloadbalancingv2": {
      "version": "0.30.0",
      "resolved": "https://registry.npmjs.org/@aws-cdk/aws-elasticloadbalancingv2/-/aws-elasticloadbalancingv2-0.30.0.tgz",
      "integrity": "sha512-JMPGUlyKrV1fExe9P22mrniH6KXTACt3crJFJFnmfbrVjOe5uJxPvfIWrkDBEezmE4blHW7sig3NdHIEV4qmFA==",
      "requires": {
        "@aws-cdk/aws-certificatemanager": "^0.30.0",
        "@aws-cdk/aws-cloudwatch": "^0.30.0",
        "@aws-cdk/aws-codedeploy-api": "^0.30.0",
        "@aws-cdk/aws-ec2": "^0.30.0",
        "@aws-cdk/aws-iam": "^0.30.0",
        "@aws-cdk/aws-route53": "^0.30.0",
        "@aws-cdk/aws-s3": "^0.30.0",
        "@aws-cdk/cdk": "^0.30.0"
      }
    },
    "@aws-cdk/aws-events": {
      "version": "0.30.0",
      "resolved": "https://registry.npmjs.org/@aws-cdk/aws-events/-/aws-events-0.30.0.tgz",
      "integrity": "sha512-pFg87xYTSXxgE+mGKzwcTmmcsUgAOG/zc7BJQrzGnISB7n7s8DImeZQGnR57W6/2fXizb4j6jLaJnEO+UXkX5Q==",
      "requires": {
        "@aws-cdk/aws-iam": "^0.30.0",
        "@aws-cdk/cdk": "^0.30.0"
      }
    },
    "@aws-cdk/aws-events-targets": {
      "version": "0.30.0",
      "resolved": "https://registry.npmjs.org/@aws-cdk/aws-events-targets/-/aws-events-targets-0.30.0.tgz",
      "integrity": "sha512-gPA3qp7qgpqok/anBFm2kCd36u0MVQ0Lvdk1svIIeVcIJ/cOgL1tR6KrGYo8nWRzGAioH7XuQWZChIEQ9LDFMg==",
      "requires": {
        "@aws-cdk/aws-codebuild": "^0.30.0",
        "@aws-cdk/aws-codepipeline": "^0.30.0",
        "@aws-cdk/aws-ecs": "^0.30.0",
        "@aws-cdk/aws-events": "^0.30.0",
        "@aws-cdk/aws-iam": "^0.30.0",
        "@aws-cdk/aws-lambda": "^0.30.0",
        "@aws-cdk/aws-sns": "^0.30.0",
        "@aws-cdk/aws-stepfunctions": "^0.30.0",
        "@aws-cdk/cdk": "^0.30.0"
      }
    },
    "@aws-cdk/aws-iam": {
      "version": "0.30.0",
      "resolved": "https://registry.npmjs.org/@aws-cdk/aws-iam/-/aws-iam-0.30.0.tgz",
      "integrity": "sha512-owrQzb0Tv6pjd/Yw1+NiQnbgcVEZtKkZS952eFu6H5/diMedABEVl0V8wjyWu6Pj/gYRGC4kpWBHTg49EuiHPQ==",
      "requires": {
        "@aws-cdk/cdk": "^0.30.0",
        "@aws-cdk/region-info": "^0.30.0"
      }
    },
    "@aws-cdk/aws-kms": {
      "version": "0.30.0",
      "resolved": "https://registry.npmjs.org/@aws-cdk/aws-kms/-/aws-kms-0.30.0.tgz",
      "integrity": "sha512-OB1wiHH6PjH96QjKqzvv1S3nXkbes1SLnAD0VUO53aX24S7HfGYnrCmdj+y9vbHEfjDsd1Jo1Ntq5gnPmmhEhQ==",
      "requires": {
        "@aws-cdk/aws-iam": "^0.30.0",
        "@aws-cdk/cdk": "^0.30.0"
      }
    },
    "@aws-cdk/aws-lambda": {
      "version": "0.30.0",
      "resolved": "https://registry.npmjs.org/@aws-cdk/aws-lambda/-/aws-lambda-0.30.0.tgz",
      "integrity": "sha512-ozLGvuRhdeyUWD9qUrEY4p7LfgU9xryvakGRKIq80EmVJKQSbR4Ws3F3ks4xejt0o6qVcOY4cCFPO8bTmUNW8g==",
      "requires": {
        "@aws-cdk/assets": "^0.30.0",
        "@aws-cdk/aws-cloudwatch": "^0.30.0",
        "@aws-cdk/aws-ec2": "^0.30.0",
        "@aws-cdk/aws-events": "^0.30.0",
        "@aws-cdk/aws-iam": "^0.30.0",
        "@aws-cdk/aws-logs": "^0.30.0",
        "@aws-cdk/aws-s3": "^0.30.0",
        "@aws-cdk/aws-s3-notifications": "^0.30.0",
        "@aws-cdk/aws-sqs": "^0.30.0",
        "@aws-cdk/aws-stepfunctions": "^0.30.0",
        "@aws-cdk/cdk": "^0.30.0",
        "@aws-cdk/cx-api": "^0.30.0"
      }
    },
    "@aws-cdk/aws-logs": {
      "version": "0.30.0",
      "resolved": "https://registry.npmjs.org/@aws-cdk/aws-logs/-/aws-logs-0.30.0.tgz",
      "integrity": "sha512-tIAX7/xTF6yyxeAh2Qsiogej+1ovV/h5mhiSa09yyu3KxxUMAmdaS1OtHSYconPvbCuVQ85qM0qSy4iL7qFdGA==",
      "requires": {
        "@aws-cdk/aws-cloudwatch": "^0.30.0",
        "@aws-cdk/aws-iam": "^0.30.0",
        "@aws-cdk/cdk": "^0.30.0"
      }
    },
    "@aws-cdk/aws-route53": {
      "version": "0.30.0",
      "resolved": "https://registry.npmjs.org/@aws-cdk/aws-route53/-/aws-route53-0.30.0.tgz",
      "integrity": "sha512-mU6WoEdIvlf/yTLOFSuIj4kngHQk3+LaVKa56DabQm15msRnlS5z6BpyDyvYSY7cs78UQctvm0TNeinhFgzfpg==",
      "requires": {
        "@aws-cdk/aws-ec2": "^0.30.0",
        "@aws-cdk/aws-logs": "^0.30.0",
        "@aws-cdk/cdk": "^0.30.0",
        "@aws-cdk/cx-api": "^0.30.0"
      }
    },
    "@aws-cdk/aws-s3": {
      "version": "0.30.0",
      "resolved": "https://registry.npmjs.org/@aws-cdk/aws-s3/-/aws-s3-0.30.0.tgz",
      "integrity": "sha512-auNnULAP3LFqD1RewMzi4HHSHbq4PhtV/8nTdlEeQMMRC0jLAi3M4C1aVBJxwS50zDmZ5OvK0qiFdBYNDxFoqQ==",
      "requires": {
        "@aws-cdk/aws-events": "^0.30.0",
        "@aws-cdk/aws-iam": "^0.30.0",
        "@aws-cdk/aws-kms": "^0.30.0",
        "@aws-cdk/aws-s3-notifications": "^0.30.0",
        "@aws-cdk/cdk": "^0.30.0"
      }
    },
    "@aws-cdk/aws-s3-notifications": {
      "version": "0.30.0",
      "resolved": "https://registry.npmjs.org/@aws-cdk/aws-s3-notifications/-/aws-s3-notifications-0.30.0.tgz",
      "integrity": "sha512-Ot+jlPZqV//Ddj9DY8IzJDEp8qVkWgScKGh1kZQkscWWSEhI+nT4O8YTOmGFTAgYol9i6k8nv5xzAQXzzDjVSA==",
      "requires": {
        "@aws-cdk/cdk": "^0.30.0"
      }
    },
    "@aws-cdk/aws-secretsmanager": {
      "version": "0.30.0",
      "resolved": "https://registry.npmjs.org/@aws-cdk/aws-secretsmanager/-/aws-secretsmanager-0.30.0.tgz",
      "integrity": "sha512-0z+laPvn+2aOc8TwDkZ0rRhRglkbF7ZSefmks1G8clLhdAQ7CA+9PqWVa2GsjJzozzKs2Eb29hl9B2sa3ayVRg==",
      "requires": {
        "@aws-cdk/aws-ec2": "^0.30.0",
        "@aws-cdk/aws-iam": "^0.30.0",
        "@aws-cdk/aws-kms": "^0.30.0",
        "@aws-cdk/aws-lambda": "^0.30.0",
        "@aws-cdk/cdk": "^0.30.0"
      }
    },
    "@aws-cdk/aws-servicediscovery": {
      "version": "0.30.0",
      "resolved": "https://registry.npmjs.org/@aws-cdk/aws-servicediscovery/-/aws-servicediscovery-0.30.0.tgz",
      "integrity": "sha512-15O2E4k8QZF3pehuDQ/9/fwvNkP/FDneF1iyKE6kOKzRJQQ+oDYjMFl2Hv6EqL2UtBeo19uF2yNnoKxbDrKuEA==",
      "requires": {
        "@aws-cdk/aws-ec2": "^0.30.0",
        "@aws-cdk/aws-elasticloadbalancingv2": "^0.30.0",
        "@aws-cdk/aws-route53": "^0.30.0",
        "@aws-cdk/cdk": "^0.30.0"
      }
    },
    "@aws-cdk/aws-sns": {
      "version": "0.30.0",
      "resolved": "https://registry.npmjs.org/@aws-cdk/aws-sns/-/aws-sns-0.30.0.tgz",
      "integrity": "sha512-zn2WBHdWiw4F0Y5PQktn6q9irOVW18LaHy/r/2a5C3Del9cLlbR4L10H0B6U/YEQ8/5GobxeVmZ1hghpBoP8Tg==",
      "requires": {
        "@aws-cdk/aws-autoscaling-api": "^0.30.0",
        "@aws-cdk/aws-cloudwatch": "^0.30.0",
        "@aws-cdk/aws-events": "^0.30.0",
        "@aws-cdk/aws-iam": "^0.30.0",
        "@aws-cdk/aws-lambda": "^0.30.0",
        "@aws-cdk/aws-s3-notifications": "^0.30.0",
        "@aws-cdk/aws-sqs": "^0.30.0",
        "@aws-cdk/cdk": "^0.30.0"
      }
    },
    "@aws-cdk/aws-sqs": {
      "version": "0.30.0",
      "resolved": "https://registry.npmjs.org/@aws-cdk/aws-sqs/-/aws-sqs-0.30.0.tgz",
      "integrity": "sha512-0PCWJlY/zEgCMzVY+r8yaduC0QIHAxxKdvVfXys9FhkDDrrxHpjSwEEVptLdII3YT7BRQC4XHszuMcTpqzCGHg==",
      "requires": {
        "@aws-cdk/aws-autoscaling-api": "^0.30.0",
        "@aws-cdk/aws-cloudwatch": "^0.30.0",
        "@aws-cdk/aws-iam": "^0.30.0",
        "@aws-cdk/aws-kms": "^0.30.0",
        "@aws-cdk/aws-s3-notifications": "^0.30.0",
        "@aws-cdk/cdk": "^0.30.0"
      }
    },
    "@aws-cdk/aws-stepfunctions": {
      "version": "0.30.0",
      "resolved": "https://registry.npmjs.org/@aws-cdk/aws-stepfunctions/-/aws-stepfunctions-0.30.0.tgz",
      "integrity": "sha512-r6Ehnr1PaPusdpQ2QGfjq16i2uHJUcXi/wNLYME2leWm+EiZRnx9fvFumXyzBcghhf5OxsPWUfv6LZcNi1RMKg==",
      "requires": {
        "@aws-cdk/aws-cloudwatch": "^0.30.0",
        "@aws-cdk/aws-events": "^0.30.0",
        "@aws-cdk/aws-iam": "^0.30.0",
        "@aws-cdk/cdk": "^0.30.0"
      }
    },
    "@aws-cdk/cdk": {
      "version": "0.30.0",
      "resolved": "https://registry.npmjs.org/@aws-cdk/cdk/-/cdk-0.30.0.tgz",
      "integrity": "sha512-e0FADs3qBvWzg/6zHirUkG4+MAWYHl/IRQtYYZaAzuTEm9nk8YcPO8WTFgNLEfdAzWlQZIsGsv0yQMHt0zEaAQ==",
      "requires": {
        "@aws-cdk/cx-api": "^0.30.0"
      }
    },
    "@aws-cdk/cx-api": {
      "version": "0.30.0",
      "resolved": "https://registry.npmjs.org/@aws-cdk/cx-api/-/cx-api-0.30.0.tgz",
      "integrity": "sha512-DOrV2qggGvh2Md8zGJyX1yWsFyLGpEhfIzPLManIQ8m9+ge3H60qZ/jQlnatHciSDeflkZJD4FDl2qASbdxxYQ=="
    },
    "@aws-cdk/region-info": {
      "version": "0.30.0",
      "resolved": "https://registry.npmjs.org/@aws-cdk/region-info/-/region-info-0.30.0.tgz",
      "integrity": "sha512-iAZHy8QLihqYo7C4IegzBJvaIqcfPktxyx07Ob8UayjlnPeK347uWZE2CZu0w90YpFJmTParTe9R5jPbO3r0fg=="
    },
    "@types/node": {
      "version": "11.13.8",
      "resolved": "https://registry.npmjs.org/@types/node/-/node-11.13.8.tgz",
      "integrity": "sha512-szA3x/3miL90ZJxUCzx9haNbK5/zmPieGraZEe4WI+3srN0eGLiT22NXeMHmyhNEopn+IrxqMc7wdVwvPl8meg==",
      "dev": true
    }
  }
}
