{
  "name": "@pgarbe/fargate",
  "version": "0.1.0-alpha.1+bae2897",
  "lockfileVersion": 1,
  "requires": true,
  "dependencies": {
    "@aws-cdk/assets": {
      "version": "0.25.3",
      "resolved": "https://registry.npmjs.org/@aws-cdk/assets/-/assets-0.25.3.tgz",
      "integrity": "sha512-QxYR+WrvFR3kW4mJH3GPmzQqiy7Idd90bRgq9t70eo2Mq1u7adgFcaH0wKDusNjkCmndszFuCH5iW/YrEqIJIw==",
      "requires": {
        "@aws-cdk/aws-iam": "^0.25.3",
        "@aws-cdk/aws-s3": "^0.25.3",
        "@aws-cdk/cdk": "^0.25.3",
        "@aws-cdk/cx-api": "^0.25.3"
      }
    },
    "@aws-cdk/assets-docker": {
      "version": "0.25.3",
      "resolved": "https://registry.npmjs.org/@aws-cdk/assets-docker/-/assets-docker-0.25.3.tgz",
      "integrity": "sha512-QIblsUzgJ3AzFuVVr6G5JK0D7wHqoHifTm1utM0BJxF4YwmBrU2RdmLJ+JtobrklfZZrJK8eFM8fnUasXefn7w==",
      "requires": {
        "@aws-cdk/aws-cloudformation": "^0.25.3",
        "@aws-cdk/aws-ecr": "^0.25.3",
        "@aws-cdk/aws-iam": "^0.25.3",
        "@aws-cdk/aws-lambda": "^0.25.3",
        "@aws-cdk/aws-s3": "^0.25.3",
        "@aws-cdk/cdk": "^0.25.3",
        "@aws-cdk/cx-api": "^0.25.3"
      }
    },
    "@aws-cdk/aws-applicationautoscaling": {
      "version": "0.25.3",
      "resolved": "https://registry.npmjs.org/@aws-cdk/aws-applicationautoscaling/-/aws-applicationautoscaling-0.25.3.tgz",
      "integrity": "sha512-tz3l2bAUe6Indxv0GxFQ5wAyak7T4PyLOPyCXRugCEopx0pVyhaQY2yGFyYqdlecWvfU8Sg3b+E+vMIBQfzteg==",
      "requires": {
        "@aws-cdk/aws-autoscaling-common": "^0.25.3",
        "@aws-cdk/aws-cloudwatch": "^0.25.3",
        "@aws-cdk/aws-iam": "^0.25.3",
        "@aws-cdk/cdk": "^0.25.3"
      }
    },
    "@aws-cdk/aws-autoscaling": {
      "version": "0.25.3",
      "resolved": "https://registry.npmjs.org/@aws-cdk/aws-autoscaling/-/aws-autoscaling-0.25.3.tgz",
      "integrity": "sha512-vyQcqtdxZTSN3Kgl6BWDodVffAsEJ+SvEJXD8ZFKYLbD4yXGT5uf8zNVM6icrFX47b2ZrPKKUpoyHTffgq6aCw==",
      "requires": {
        "@aws-cdk/aws-autoscaling-api": "^0.25.3",
        "@aws-cdk/aws-autoscaling-common": "^0.25.3",
        "@aws-cdk/aws-cloudwatch": "^0.25.3",
        "@aws-cdk/aws-ec2": "^0.25.3",
        "@aws-cdk/aws-elasticloadbalancing": "^0.25.3",
        "@aws-cdk/aws-elasticloadbalancingv2": "^0.25.3",
        "@aws-cdk/aws-iam": "^0.25.3",
        "@aws-cdk/aws-sns": "^0.25.3",
        "@aws-cdk/cdk": "^0.25.3"
      }
    },
    "@aws-cdk/aws-autoscaling-api": {
      "version": "0.25.3",
      "resolved": "https://registry.npmjs.org/@aws-cdk/aws-autoscaling-api/-/aws-autoscaling-api-0.25.3.tgz",
      "integrity": "sha512-R2dibB9WhqJR8laGJr59uDs4EplZEaW7HeKnlYrikryB2P7Y40bpVvsFgVGIDgc2gwOpof+XuYx+gr2vZllxVw==",
      "requires": {
        "@aws-cdk/aws-iam": "^0.25.3",
        "@aws-cdk/cdk": "^0.25.3"
      }
    },
    "@aws-cdk/aws-autoscaling-common": {
      "version": "0.25.3",
      "resolved": "https://registry.npmjs.org/@aws-cdk/aws-autoscaling-common/-/aws-autoscaling-common-0.25.3.tgz",
      "integrity": "sha512-m2QsayM7efywZcS2Bdmc7Mp6YzMwusFDAyyL9JeUrENTYXqlNu5CNqU0bb3188GxlF1jLhdq4aJX1F9FzCFAVA==",
      "requires": {
        "@aws-cdk/aws-iam": "^0.25.3",
        "@aws-cdk/cdk": "^0.25.3"
      }
    },
    "@aws-cdk/aws-certificatemanager": {
      "version": "0.25.3",
      "resolved": "https://registry.npmjs.org/@aws-cdk/aws-certificatemanager/-/aws-certificatemanager-0.25.3.tgz",
      "integrity": "sha512-m6wQy69kKdK+a6HIUC21srOTz0iUcKzSYnh8ZzhbmYhqsN4rbW3+B46kgMum8mrVY4imhSyo+eJW3pSg7S4mmg==",
      "requires": {
        "@aws-cdk/aws-cloudformation": "^0.25.3",
        "@aws-cdk/aws-iam": "^0.25.3",
        "@aws-cdk/aws-lambda": "^0.25.3",
        "@aws-cdk/aws-route53": "^0.25.3",
        "@aws-cdk/cdk": "^0.25.3"
      }
    },
    "@aws-cdk/aws-cloudformation": {
      "version": "0.25.3",
      "resolved": "https://registry.npmjs.org/@aws-cdk/aws-cloudformation/-/aws-cloudformation-0.25.3.tgz",
      "integrity": "sha512-WctbYj7GvtjHsE9Xh7eOEGOjb9RQmEs667N2JLKszMVSoUASB+QHvMHwiFZ1hPZNhaTJqfps5RBDPH1GLzde1w==",
      "requires": {
        "@aws-cdk/aws-codepipeline-api": "^0.25.3",
        "@aws-cdk/aws-iam": "^0.25.3",
        "@aws-cdk/aws-lambda": "^0.25.3",
        "@aws-cdk/aws-sns": "^0.25.3",
        "@aws-cdk/cdk": "^0.25.3"
      }
    },
    "@aws-cdk/aws-cloudwatch": {
      "version": "0.25.3",
      "resolved": "https://registry.npmjs.org/@aws-cdk/aws-cloudwatch/-/aws-cloudwatch-0.25.3.tgz",
      "integrity": "sha512-itQ6qJpXWkwmfojXVMmiqCipA+uJQvJCVIjfVB1rq8dVcwB7eO7bto5NDxhooHIlsWoIsWQzTx+dVNPK/NGDsA==",
      "requires": {
        "@aws-cdk/aws-iam": "^0.25.3",
        "@aws-cdk/cdk": "^0.25.3"
      }
    },
    "@aws-cdk/aws-codedeploy-api": {
      "version": "0.25.3",
      "resolved": "https://registry.npmjs.org/@aws-cdk/aws-codedeploy-api/-/aws-codedeploy-api-0.25.3.tgz",
      "integrity": "sha512-FsTsEtF4poI1Z1nOZ4jaRve0Z5uYySj8ne/OSGodd+VQ37apss6zReqW275E9EfgqSmp19BZMqdKIQafqHRPqQ==",
      "requires": {
        "@aws-cdk/cdk": "^0.25.3"
      }
    },
    "@aws-cdk/aws-codepipeline-api": {
      "version": "0.25.3",
      "resolved": "https://registry.npmjs.org/@aws-cdk/aws-codepipeline-api/-/aws-codepipeline-api-0.25.3.tgz",
      "integrity": "sha512-Z8EK8aKXmosV2VZbHano9IzBAkF5xJd5NXKLOpvQBSBFQY9G8j+NTdNE1Fa9EW8XU4WTmtUpTX06jcixHrAElQ==",
      "requires": {
        "@aws-cdk/aws-events": "^0.25.3",
        "@aws-cdk/aws-iam": "^0.25.3",
        "@aws-cdk/cdk": "^0.25.3"
      }
    },
    "@aws-cdk/aws-ec2": {
      "version": "0.25.3",
      "resolved": "https://registry.npmjs.org/@aws-cdk/aws-ec2/-/aws-ec2-0.25.3.tgz",
      "integrity": "sha512-U8gY73FEkIxUpkE/4H3ZpMCAcUdpV0/q3h+sUuV6UDdAhKXcfn8ECrmZ/7Qej7nW1rlC0h7UngmfgakWrplPLA==",
      "requires": {
        "@aws-cdk/aws-cloudwatch": "^0.25.3",
        "@aws-cdk/aws-iam": "^0.25.3",
        "@aws-cdk/cdk": "^0.25.3",
        "@aws-cdk/cx-api": "^0.25.3"
      }
    },
    "@aws-cdk/aws-ecr": {
      "version": "0.25.3",
      "resolved": "https://registry.npmjs.org/@aws-cdk/aws-ecr/-/aws-ecr-0.25.3.tgz",
      "integrity": "sha512-+92YTSdfup9GkWb3OB6NrJVH7Qvcp0JtFfDVLkF4ihUBP1FEdlY2ijWUn4cu1pcfmXAt4kRCvM3K4w6FOjwhrw==",
      "requires": {
        "@aws-cdk/aws-codepipeline-api": "^0.25.3",
        "@aws-cdk/aws-events": "^0.25.3",
        "@aws-cdk/aws-iam": "^0.25.3",
        "@aws-cdk/cdk": "^0.25.3"
      }
    },
    "@aws-cdk/aws-ecs": {
      "version": "0.25.3",
      "resolved": "https://registry.npmjs.org/@aws-cdk/aws-ecs/-/aws-ecs-0.25.3.tgz",
      "integrity": "sha512-PbilH3V8SmBb0YQS8CMHR5NZUw7CaQ4Mn+PY7BgCCg9x3dAH2aiXwmtJ44n0avM8jkcwqJweSzoNUrGCAmgd7A==",
      "requires": {
        "@aws-cdk/assets-docker": "^0.25.3",
        "@aws-cdk/aws-applicationautoscaling": "^0.25.3",
        "@aws-cdk/aws-autoscaling": "^0.25.3",
        "@aws-cdk/aws-certificatemanager": "^0.25.3",
        "@aws-cdk/aws-cloudformation": "^0.25.3",
        "@aws-cdk/aws-cloudwatch": "^0.25.3",
        "@aws-cdk/aws-ec2": "^0.25.3",
        "@aws-cdk/aws-ecr": "^0.25.3",
        "@aws-cdk/aws-elasticloadbalancing": "^0.25.3",
        "@aws-cdk/aws-elasticloadbalancingv2": "^0.25.3",
        "@aws-cdk/aws-events": "^0.25.3",
        "@aws-cdk/aws-iam": "^0.25.3",
        "@aws-cdk/aws-lambda": "^0.25.3",
        "@aws-cdk/aws-logs": "^0.25.3",
        "@aws-cdk/aws-route53": "^0.25.3",
        "@aws-cdk/aws-sns": "^0.25.3",
        "@aws-cdk/cdk": "^0.25.3",
        "@aws-cdk/cx-api": "^0.25.3"
      }
    },
    "@aws-cdk/aws-elasticloadbalancing": {
      "version": "0.25.3",
      "resolved": "https://registry.npmjs.org/@aws-cdk/aws-elasticloadbalancing/-/aws-elasticloadbalancing-0.25.3.tgz",
      "integrity": "sha512-9mD5HUcp410zYwTKQR3s9GlZhtr8A/4ETyKz8MNMvk+lWIZuN5f74znilkyEuqOfU472H5uCJdntvUc6ia6D6w==",
      "requires": {
        "@aws-cdk/aws-codedeploy-api": "^0.25.3",
        "@aws-cdk/aws-ec2": "^0.25.3",
        "@aws-cdk/cdk": "^0.25.3"
      }
    },
    "@aws-cdk/aws-elasticloadbalancingv2": {
      "version": "0.25.3",
      "resolved": "https://registry.npmjs.org/@aws-cdk/aws-elasticloadbalancingv2/-/aws-elasticloadbalancingv2-0.25.3.tgz",
      "integrity": "sha512-EE8HIVrHyZD58gxWwcFBR/JE1mkF2tSJqvu+eVQxdMAVhPIYljYPHKiZcBFy6SJoYtT5qIsQQJ8HeUSzNkNY+Q==",
      "requires": {
        "@aws-cdk/aws-cloudwatch": "^0.25.3",
        "@aws-cdk/aws-codedeploy-api": "^0.25.3",
        "@aws-cdk/aws-ec2": "^0.25.3",
        "@aws-cdk/aws-iam": "^0.25.3",
        "@aws-cdk/aws-route53": "^0.25.3",
        "@aws-cdk/aws-s3": "^0.25.3",
        "@aws-cdk/cdk": "^0.25.3"
      }
    },
    "@aws-cdk/aws-events": {
      "version": "0.25.3",
      "resolved": "https://registry.npmjs.org/@aws-cdk/aws-events/-/aws-events-0.25.3.tgz",
      "integrity": "sha512-5VB2nXdrYRZ5/UpwextrYX7fS7QRnQTUVxO8srRyH5JFFHh9hz/tnLQ8a1eBOVvNelAwrKemyYF9yWdGTI596g==",
      "requires": {
        "@aws-cdk/aws-iam": "^0.25.3",
        "@aws-cdk/cdk": "^0.25.3"
      }
    },
    "@aws-cdk/aws-iam": {
      "version": "0.25.3",
      "resolved": "https://registry.npmjs.org/@aws-cdk/aws-iam/-/aws-iam-0.25.3.tgz",
      "integrity": "sha512-eoSfwcE4ZCjWh8beHimMT2jI/pZ6Pyv/Mw/OC/bvR/Tq85KbQzuQ+JvXi0nG+JZ8Z7HBJKd0sRjJh8I9BXMx/Q==",
      "requires": {
        "@aws-cdk/cdk": "^0.25.3"
      }
    },
    "@aws-cdk/aws-kms": {
      "version": "0.25.3",
      "resolved": "https://registry.npmjs.org/@aws-cdk/aws-kms/-/aws-kms-0.25.3.tgz",
      "integrity": "sha512-eROnsEIaGbNgDsue75M/zD3sYuFBMu+XT51hx5JYiSnoObeE0yDSukb2B1lUr+egO9CIYVzTadJTiENnd/zoMA==",
      "requires": {
        "@aws-cdk/aws-iam": "^0.25.3",
        "@aws-cdk/cdk": "^0.25.3"
      }
    },
    "@aws-cdk/aws-lambda": {
      "version": "0.25.3",
      "resolved": "https://registry.npmjs.org/@aws-cdk/aws-lambda/-/aws-lambda-0.25.3.tgz",
      "integrity": "sha512-1urTyhomGdywT+AL+ybrC698rnC6aOdrl/SieuGBgH59xZ+E2u0WNnV1+nuZmlZhaM734BFF7j27tDVGDTqnTw==",
      "requires": {
        "@aws-cdk/assets": "^0.25.3",
        "@aws-cdk/aws-cloudwatch": "^0.25.3",
        "@aws-cdk/aws-codepipeline-api": "^0.25.3",
        "@aws-cdk/aws-ec2": "^0.25.3",
        "@aws-cdk/aws-events": "^0.25.3",
        "@aws-cdk/aws-iam": "^0.25.3",
        "@aws-cdk/aws-logs": "^0.25.3",
        "@aws-cdk/aws-s3": "^0.25.3",
        "@aws-cdk/aws-s3-notifications": "^0.25.3",
        "@aws-cdk/aws-sqs": "^0.25.3",
        "@aws-cdk/aws-stepfunctions": "^0.25.3",
        "@aws-cdk/cdk": "^0.25.3",
        "@aws-cdk/cx-api": "^0.25.3"
      }
    },
    "@aws-cdk/aws-logs": {
      "version": "0.25.3",
      "resolved": "https://registry.npmjs.org/@aws-cdk/aws-logs/-/aws-logs-0.25.3.tgz",
      "integrity": "sha512-p1WKxmKW7WwT3LucC3honr4fjVNq1dNjErmCNL2E3NN6ecItg0rhLYDjcNAI438yLmjMFQrNd54byTmOgUUztg==",
      "requires": {
        "@aws-cdk/aws-cloudwatch": "^0.25.3",
        "@aws-cdk/aws-iam": "^0.25.3",
        "@aws-cdk/cdk": "^0.25.3"
      }
    },
    "@aws-cdk/aws-route53": {
      "version": "0.25.3",
      "resolved": "https://registry.npmjs.org/@aws-cdk/aws-route53/-/aws-route53-0.25.3.tgz",
      "integrity": "sha512-e9/yheh/OwUnugACFiSF6p3u9O6EsXcItKRndQFlFoEdwykf+QuEeLVPgO+SzYLzPumbg2bZP73oHUMC+GIdTg==",
      "requires": {
        "@aws-cdk/aws-ec2": "^0.25.3",
        "@aws-cdk/aws-logs": "^0.25.3",
        "@aws-cdk/cdk": "^0.25.3",
        "@aws-cdk/cx-api": "^0.25.3"
      }
    },
    "@aws-cdk/aws-s3": {
      "version": "0.25.3",
      "resolved": "https://registry.npmjs.org/@aws-cdk/aws-s3/-/aws-s3-0.25.3.tgz",
      "integrity": "sha512-VbtJ7aZV5RY59+/8gXXM22Vp3B8fpAbxIQya01LQE5FXZrFAZowTINWQDla0aqpsgt0uj9sTMhXji7ZOIFPsig==",
      "requires": {
        "@aws-cdk/aws-codepipeline-api": "^0.25.3",
        "@aws-cdk/aws-events": "^0.25.3",
        "@aws-cdk/aws-iam": "^0.25.3",
        "@aws-cdk/aws-kms": "^0.25.3",
        "@aws-cdk/aws-s3-notifications": "^0.25.3",
        "@aws-cdk/cdk": "^0.25.3"
      }
    },
    "@aws-cdk/aws-s3-notifications": {
      "version": "0.25.3",
      "resolved": "https://registry.npmjs.org/@aws-cdk/aws-s3-notifications/-/aws-s3-notifications-0.25.3.tgz",
      "integrity": "sha512-R44SOKSd74XU21QzhQqE/9MDAwqNz/TPFqVEkp05IKM+5whtwFstjpdbaVHggtTIdpobIMR5df79TMjYAvtkcQ==",
      "requires": {
        "@aws-cdk/cdk": "^0.25.3"
      }
    },
    "@aws-cdk/aws-sns": {
      "version": "0.25.3",
      "resolved": "https://registry.npmjs.org/@aws-cdk/aws-sns/-/aws-sns-0.25.3.tgz",
      "integrity": "sha512-aAEjsuZC/Fy1kB65Ld0doLymjt4yeWsfcX37BuP7HTYW2vhDkp3yV94V7+M0T/98npZcJjhvQ3JcTOpl/vGXSw==",
      "requires": {
        "@aws-cdk/aws-autoscaling-api": "^0.25.3",
        "@aws-cdk/aws-cloudwatch": "^0.25.3",
        "@aws-cdk/aws-events": "^0.25.3",
        "@aws-cdk/aws-iam": "^0.25.3",
        "@aws-cdk/aws-lambda": "^0.25.3",
        "@aws-cdk/aws-s3-notifications": "^0.25.3",
        "@aws-cdk/aws-sqs": "^0.25.3",
        "@aws-cdk/cdk": "^0.25.3"
      }
    },
    "@aws-cdk/aws-sqs": {
      "version": "0.25.3",
      "resolved": "https://registry.npmjs.org/@aws-cdk/aws-sqs/-/aws-sqs-0.25.3.tgz",
      "integrity": "sha512-q/W0bBxjky8fjD46SMD+kkLsLUHDJ9wZSI+Q7IVKI1WW0MgE/Udh624F0HeAhoma0MoGfVRftCeE+Q3iMCpUfQ==",
      "requires": {
        "@aws-cdk/aws-autoscaling-api": "^0.25.3",
        "@aws-cdk/aws-cloudwatch": "^0.25.3",
        "@aws-cdk/aws-iam": "^0.25.3",
        "@aws-cdk/aws-kms": "^0.25.3",
        "@aws-cdk/aws-s3-notifications": "^0.25.3",
        "@aws-cdk/cdk": "^0.25.3"
      }
    },
    "@aws-cdk/aws-stepfunctions": {
      "version": "0.25.3",
      "resolved": "https://registry.npmjs.org/@aws-cdk/aws-stepfunctions/-/aws-stepfunctions-0.25.3.tgz",
      "integrity": "sha512-roK31t4X5DxDSe0N8MNKnHtFhfOscs4TfN+dVurTDgov+ZwaGD2kgAJcGk6rfVO+Ci3sHzjRfMyBywOPm+Z9vw==",
      "requires": {
        "@aws-cdk/aws-cloudwatch": "^0.25.3",
        "@aws-cdk/aws-events": "^0.25.3",
        "@aws-cdk/aws-iam": "^0.25.3",
        "@aws-cdk/cdk": "^0.25.3"
      }
    },
    "@aws-cdk/cdk": {
      "version": "0.25.3",
      "resolved": "https://registry.npmjs.org/@aws-cdk/cdk/-/cdk-0.25.3.tgz",
      "integrity": "sha512-Sa92RMfLQzm2b7hCX5DlcYhIGkMVfiJHnDuDKmmsIDfWvJPrlUKHvRyw9twcMaHnfVS4o0viJbFCiBPWWgWYiQ==",
      "requires": {
        "@aws-cdk/cx-api": "^0.25.3"
      }
    },
    "@aws-cdk/cx-api": {
      "version": "0.25.3",
      "resolved": "https://registry.npmjs.org/@aws-cdk/cx-api/-/cx-api-0.25.3.tgz",
      "integrity": "sha512-bcASSXEyLyPUrGXWWvfCxxP6WdmmvcpuyCY3wdB8+DJbtb2qRG5EcJtvZtwRJixwM312pkOLYgCG1qTnNesWaQ=="
    }
  }
}
