{
  "name": "@pgarbe/fargate",
  "version": "0.1.0-alpha.3",
  "lockfileVersion": 1,
  "requires": true,
  "dependencies": {
    "@aws-cdk/assets": {
      "version": "0.36.2",
      "resolved": "https://registry.npmjs.org/@aws-cdk/assets/-/assets-0.36.2.tgz",
      "integrity": "sha512-Ovfh08GhuPK3rMX6QOK4C70H/+g5RMmr5QEHf5syw6rRsURP9lWKBDLp08r44UkJ+dNKkjMUjVL0HpzzC90OZg==",
      "requires": {
        "@aws-cdk/core": "^0.36.2",
        "@aws-cdk/cx-api": "^0.36.2",
        "minimatch": "^3.0.4"
      },
      "dependencies": {
        "balanced-match": {
          "version": "1.0.0",
          "bundled": true
        },
        "brace-expansion": {
          "version": "1.1.11",
          "bundled": true,
          "requires": {
            "balanced-match": "^1.0.0",
            "concat-map": "0.0.1"
          }
        },
        "concat-map": {
          "version": "0.0.1",
          "bundled": true
        },
        "minimatch": {
          "version": "3.0.4",
          "bundled": true,
          "requires": {
            "brace-expansion": "^1.1.7"
          }
        }
      }
    },
    "@aws-cdk/aws-apigateway": {
      "version": "0.36.2",
      "resolved": "https://registry.npmjs.org/@aws-cdk/aws-apigateway/-/aws-apigateway-0.36.2.tgz",
      "integrity": "sha512-RkOI33vynP2OtI9GWX7G8C9tpbBkNFeW6XgdAs9h2fNo4qzd2Ck/iMYBJpEQi91axJCcmfY4aD0nRykN7WbhJA==",
      "requires": {
        "@aws-cdk/aws-certificatemanager": "^0.36.2",
        "@aws-cdk/aws-elasticloadbalancingv2": "^0.36.2",
        "@aws-cdk/aws-iam": "^0.36.2",
        "@aws-cdk/aws-lambda": "^0.36.2",
        "@aws-cdk/core": "^0.36.2"
      }
    },
    "@aws-cdk/aws-applicationautoscaling": {
      "version": "0.36.2",
      "resolved": "https://registry.npmjs.org/@aws-cdk/aws-applicationautoscaling/-/aws-applicationautoscaling-0.36.2.tgz",
      "integrity": "sha512-7lOxGaYQpsW5UP5grXF8FYc/PgV1UKxh3vupmig4/6p8HLKnIXlrI/aYzY5tNy0kea9YLG7JRhbdbs8rqaSGZA==",
      "requires": {
        "@aws-cdk/aws-autoscaling-common": "^0.36.2",
        "@aws-cdk/aws-cloudwatch": "^0.36.2",
        "@aws-cdk/aws-iam": "^0.36.2",
        "@aws-cdk/core": "^0.36.2"
      }
    },
    "@aws-cdk/aws-autoscaling": {
      "version": "0.36.2",
      "resolved": "https://registry.npmjs.org/@aws-cdk/aws-autoscaling/-/aws-autoscaling-0.36.2.tgz",
      "integrity": "sha512-zlxQPn+zz52+ctzYliJY/cT8bjNHLrLOwGqUi2B0eaqSuBb6B0Y9ZCbHLCkmKmwAxMzDixMA1nsr7Q9tHnhGvg==",
      "requires": {
        "@aws-cdk/aws-autoscaling-common": "^0.36.2",
        "@aws-cdk/aws-cloudwatch": "^0.36.2",
        "@aws-cdk/aws-ec2": "^0.36.2",
        "@aws-cdk/aws-elasticloadbalancing": "^0.36.2",
        "@aws-cdk/aws-elasticloadbalancingv2": "^0.36.2",
        "@aws-cdk/aws-iam": "^0.36.2",
        "@aws-cdk/aws-sns": "^0.36.2",
        "@aws-cdk/core": "^0.36.2"
      }
    },
    "@aws-cdk/aws-autoscaling-common": {
      "version": "0.36.2",
      "resolved": "https://registry.npmjs.org/@aws-cdk/aws-autoscaling-common/-/aws-autoscaling-common-0.36.2.tgz",
      "integrity": "sha512-S/rH0Srqz2mAHQ+Aq0Ki9kFcaDkuwI/m7KNbyAW/j/fGacGvI3AgtBq4hKNEDsaqJUpYEb5fi7eEWersQTG4UA==",
      "requires": {
        "@aws-cdk/aws-iam": "^0.36.2",
        "@aws-cdk/core": "^0.36.2"
      }
    },
    "@aws-cdk/aws-autoscaling-hooktargets": {
      "version": "0.36.2",
      "resolved": "https://registry.npmjs.org/@aws-cdk/aws-autoscaling-hooktargets/-/aws-autoscaling-hooktargets-0.36.2.tgz",
      "integrity": "sha512-bNWbsl26DY6FVqBACCHCQxq0ZkDXlnsml+qE0y7t+dB3RG41Hcq0JL0VymzRV8vJ+rmTYFQK6tkwCeRijSkRBw==",
      "requires": {
        "@aws-cdk/aws-autoscaling": "^0.36.2",
        "@aws-cdk/aws-iam": "^0.36.2",
        "@aws-cdk/aws-lambda": "^0.36.2",
        "@aws-cdk/aws-sns": "^0.36.2",
        "@aws-cdk/aws-sns-subscriptions": "^0.36.2",
        "@aws-cdk/aws-sqs": "^0.36.2",
        "@aws-cdk/core": "^0.36.2"
      }
    },
    "@aws-cdk/aws-certificatemanager": {
      "version": "0.36.2",
      "resolved": "https://registry.npmjs.org/@aws-cdk/aws-certificatemanager/-/aws-certificatemanager-0.36.2.tgz",
      "integrity": "sha512-wnE/HQncFUwB/xpPilZOAHQCE5EZkDzq1IgPX0deXwG90/sBR9jgKBTBKiQrO3yET8yCXGcpcQ12uN1rztL33Q==",
      "requires": {
        "@aws-cdk/aws-cloudformation": "^0.36.2",
        "@aws-cdk/aws-iam": "^0.36.2",
        "@aws-cdk/aws-lambda": "^0.36.2",
        "@aws-cdk/aws-route53": "^0.36.2",
        "@aws-cdk/core": "^0.36.2"
      }
    },
    "@aws-cdk/aws-cloudformation": {
      "version": "0.36.2",
      "resolved": "https://registry.npmjs.org/@aws-cdk/aws-cloudformation/-/aws-cloudformation-0.36.2.tgz",
      "integrity": "sha512-IHEzbwLS9jNYZzP8XjQdhuWFcOo0lN3rxNjsGTy+IONCZSjIleTCUGYRd3pVcm04owAK/CZdT53QOKvXQ7w21w==",
      "requires": {
        "@aws-cdk/aws-iam": "^0.36.2",
        "@aws-cdk/aws-lambda": "^0.36.2",
        "@aws-cdk/aws-sns": "^0.36.2",
        "@aws-cdk/core": "^0.36.2"
      }
    },
    "@aws-cdk/aws-cloudfront": {
      "version": "0.36.2",
      "resolved": "https://registry.npmjs.org/@aws-cdk/aws-cloudfront/-/aws-cloudfront-0.36.2.tgz",
      "integrity": "sha512-BcAm42j0J2fAI/0z+ZgWfc/6pi0RGjPfGwKDKINwq/a6Gz99LE1mrgsrXEA4/xY1DwmSDqG3L8MgNR02GUavqw==",
      "requires": {
        "@aws-cdk/aws-certificatemanager": "^0.36.2",
        "@aws-cdk/aws-iam": "^0.36.2",
        "@aws-cdk/aws-kms": "^0.36.2",
        "@aws-cdk/aws-lambda": "^0.36.2",
        "@aws-cdk/aws-s3": "^0.36.2",
        "@aws-cdk/core": "^0.36.2"
      }
    },
    "@aws-cdk/aws-cloudwatch": {
      "version": "0.36.2",
      "resolved": "https://registry.npmjs.org/@aws-cdk/aws-cloudwatch/-/aws-cloudwatch-0.36.2.tgz",
      "integrity": "sha512-GdUEJdwC7LOFoPKMstPmEj5qi8QFc878ozO85y4gkGN57Vxl8xtg2Q7n821XoVv5wVhM66aU10/ZRESst5k5fQ==",
      "requires": {
        "@aws-cdk/aws-iam": "^0.36.2",
        "@aws-cdk/core": "^0.36.2"
      }
    },
    "@aws-cdk/aws-codebuild": {
      "version": "0.36.2",
      "resolved": "https://registry.npmjs.org/@aws-cdk/aws-codebuild/-/aws-codebuild-0.36.2.tgz",
      "integrity": "sha512-/wtgPYtgqI7FMbn3v95oKxqjKj4Ymp/QVSg2ge9G+1yS1igjjyHve0JnewCtQcInf66pWmEk83RFfKVxtpasJQ==",
      "requires": {
        "@aws-cdk/assets": "^0.36.2",
        "@aws-cdk/aws-cloudwatch": "^0.36.2",
        "@aws-cdk/aws-codecommit": "^0.36.2",
        "@aws-cdk/aws-ec2": "^0.36.2",
        "@aws-cdk/aws-ecr": "^0.36.2",
        "@aws-cdk/aws-ecr-assets": "^0.36.2",
        "@aws-cdk/aws-events": "^0.36.2",
        "@aws-cdk/aws-iam": "^0.36.2",
        "@aws-cdk/aws-kms": "^0.36.2",
        "@aws-cdk/aws-s3": "^0.36.2",
        "@aws-cdk/aws-s3-assets": "^0.36.2",
        "@aws-cdk/core": "^0.36.2"
      }
    },
    "@aws-cdk/aws-codecommit": {
      "version": "0.36.2",
      "resolved": "https://registry.npmjs.org/@aws-cdk/aws-codecommit/-/aws-codecommit-0.36.2.tgz",
      "integrity": "sha512-6Vuo1YFQBFclxEjQ8+rwGm5vIaNWSI4aD+Ec1WR8WZy9NzHaAnQ4+06/MAM81bqANeVmWnR16fqyFB6JRp9ZZA==",
      "requires": {
        "@aws-cdk/aws-events": "^0.36.2",
        "@aws-cdk/aws-iam": "^0.36.2",
        "@aws-cdk/core": "^0.36.2"
      }
    },
    "@aws-cdk/aws-codepipeline": {
      "version": "0.36.2",
      "resolved": "https://registry.npmjs.org/@aws-cdk/aws-codepipeline/-/aws-codepipeline-0.36.2.tgz",
      "integrity": "sha512-6L5u85mn9qKCkkRihqs7IORuhTzDKC1MSbxkaMhlZKhMq7wIpC7Q5DHpqfrZ5ZqK2ygvroCBVpBi0EYVMhc2cg==",
      "requires": {
        "@aws-cdk/aws-events": "^0.36.2",
        "@aws-cdk/aws-iam": "^0.36.2",
        "@aws-cdk/aws-kms": "^0.36.2",
        "@aws-cdk/aws-s3": "^0.36.2",
        "@aws-cdk/core": "^0.36.2"
      }
    },
    "@aws-cdk/aws-ec2": {
      "version": "0.36.2",
      "resolved": "https://registry.npmjs.org/@aws-cdk/aws-ec2/-/aws-ec2-0.36.2.tgz",
      "integrity": "sha512-rq0hQCCdZiAZ0X03/m7q6dX27WdIqZ5WvYM9g3rnUI7Tuk7Wxx/s66ZS1ZqSI8OfTr79SzkUfIkwJSYXhXjDpg==",
      "requires": {
        "@aws-cdk/aws-cloudwatch": "^0.36.2",
        "@aws-cdk/aws-iam": "^0.36.2",
        "@aws-cdk/aws-ssm": "^0.36.2",
        "@aws-cdk/core": "^0.36.2",
        "@aws-cdk/cx-api": "^0.36.2"
      }
    },
    "@aws-cdk/aws-ecr": {
      "version": "0.36.2",
      "resolved": "https://registry.npmjs.org/@aws-cdk/aws-ecr/-/aws-ecr-0.36.2.tgz",
      "integrity": "sha512-pcchW5y/ii378RZnN8x5OMBVxCaQ5+ATk4z+CULCVJLaGnVTI/H9q9fb10P2tWRN0rZrvRnEV0dLLOoBTPJtEg==",
      "requires": {
        "@aws-cdk/aws-events": "^0.36.2",
        "@aws-cdk/aws-iam": "^0.36.2",
        "@aws-cdk/core": "^0.36.2"
      }
    },
    "@aws-cdk/aws-ecr-assets": {
      "version": "0.36.2",
      "resolved": "https://registry.npmjs.org/@aws-cdk/aws-ecr-assets/-/aws-ecr-assets-0.36.2.tgz",
      "integrity": "sha512-bDlQiuK6bOwWNuzrLZfAWoDiuIqUNaM96+RcwDa1eQ6bYsm1PgBUZlAHPiff8HwbczIyALmjMrov9ItiL6bWog==",
      "requires": {
        "@aws-cdk/assets": "^0.36.2",
        "@aws-cdk/aws-cloudformation": "^0.36.2",
        "@aws-cdk/aws-ecr": "^0.36.2",
        "@aws-cdk/aws-iam": "^0.36.2",
        "@aws-cdk/aws-lambda": "^0.36.2",
        "@aws-cdk/aws-s3": "^0.36.2",
        "@aws-cdk/core": "^0.36.2",
        "@aws-cdk/cx-api": "^0.36.2"
      }
    },
    "@aws-cdk/aws-ecs": {
      "version": "0.36.2",
      "resolved": "https://registry.npmjs.org/@aws-cdk/aws-ecs/-/aws-ecs-0.36.2.tgz",
      "integrity": "sha512-l+KbHKkG3KBgN+NqHotrtNK7d1hG+bLGhUhK+UUXlcDAJpIxbY2EUM0684wAUE54P9NpH31QVZNmG3yrFzfpBA==",
      "requires": {
        "@aws-cdk/aws-applicationautoscaling": "^0.36.2",
        "@aws-cdk/aws-autoscaling": "^0.36.2",
        "@aws-cdk/aws-autoscaling-hooktargets": "^0.36.2",
        "@aws-cdk/aws-certificatemanager": "^0.36.2",
        "@aws-cdk/aws-cloudformation": "^0.36.2",
        "@aws-cdk/aws-cloudwatch": "^0.36.2",
        "@aws-cdk/aws-ec2": "^0.36.2",
        "@aws-cdk/aws-ecr": "^0.36.2",
        "@aws-cdk/aws-ecr-assets": "^0.36.2",
        "@aws-cdk/aws-elasticloadbalancing": "^0.36.2",
        "@aws-cdk/aws-elasticloadbalancingv2": "^0.36.2",
        "@aws-cdk/aws-iam": "^0.36.2",
        "@aws-cdk/aws-lambda": "^0.36.2",
        "@aws-cdk/aws-logs": "^0.36.2",
        "@aws-cdk/aws-route53": "^0.36.2",
        "@aws-cdk/aws-route53-targets": "^0.36.2",
        "@aws-cdk/aws-secretsmanager": "^0.36.2",
        "@aws-cdk/aws-servicediscovery": "^0.36.2",
        "@aws-cdk/aws-sns": "^0.36.2",
        "@aws-cdk/aws-sqs": "^0.36.2",
        "@aws-cdk/aws-ssm": "^0.36.2",
        "@aws-cdk/core": "^0.36.2",
        "@aws-cdk/cx-api": "^0.36.2"
      }
    },
    "@aws-cdk/aws-elasticloadbalancing": {
      "version": "0.36.2",
      "resolved": "https://registry.npmjs.org/@aws-cdk/aws-elasticloadbalancing/-/aws-elasticloadbalancing-0.36.2.tgz",
      "integrity": "sha512-knioS46UCrSgdcSTOUH6l/bihuKnjuLGMP/NYtTzbjvU6NNkbH29uofQ+D9pPmKlhSjJ4Whdtp/nxHRMCMImyQ==",
      "requires": {
        "@aws-cdk/aws-ec2": "^0.36.2",
        "@aws-cdk/core": "^0.36.2"
      }
    },
    "@aws-cdk/aws-elasticloadbalancingv2": {
      "version": "0.36.2",
      "resolved": "https://registry.npmjs.org/@aws-cdk/aws-elasticloadbalancingv2/-/aws-elasticloadbalancingv2-0.36.2.tgz",
      "integrity": "sha512-cr7xPqZGooVLnLP9IWln3Fxokiv9xKSO618i3PB3CQ2aN1oOYgVLidLP1Ni4+t1X9T8HaBDB8HK3VyonnQy0SA==",
      "requires": {
        "@aws-cdk/aws-certificatemanager": "^0.36.2",
        "@aws-cdk/aws-cloudwatch": "^0.36.2",
        "@aws-cdk/aws-ec2": "^0.36.2",
        "@aws-cdk/aws-iam": "^0.36.2",
        "@aws-cdk/aws-s3": "^0.36.2",
        "@aws-cdk/core": "^0.36.2"
      }
    },
    "@aws-cdk/aws-events": {
      "version": "0.36.2",
      "resolved": "https://registry.npmjs.org/@aws-cdk/aws-events/-/aws-events-0.36.2.tgz",
      "integrity": "sha512-3aBcZJJYT7Y5N//WxKYrXDFix7gqoBigBoVH+diEnSGWFlzDxw6qJOVtcT6RvUrjXwwKw93xH5y7rWyrbTJPnw==",
      "requires": {
        "@aws-cdk/aws-iam": "^0.36.2",
        "@aws-cdk/core": "^0.36.2"
      }
    },
    "@aws-cdk/aws-events-targets": {
      "version": "0.36.2",
      "resolved": "https://registry.npmjs.org/@aws-cdk/aws-events-targets/-/aws-events-targets-0.36.2.tgz",
      "integrity": "sha512-ui+zQrz1gvtiGCJ5wE27AoDLlCzvVQTCAcpfA3lvZJ+EyC+Y+6smdcJi8MmGJqmUS7k48AwcW508xJVft46Bsg==",
      "requires": {
        "@aws-cdk/aws-cloudformation": "^0.36.2",
        "@aws-cdk/aws-codebuild": "^0.36.2",
        "@aws-cdk/aws-codepipeline": "^0.36.2",
        "@aws-cdk/aws-ec2": "^0.36.2",
        "@aws-cdk/aws-ecs": "^0.36.2",
        "@aws-cdk/aws-events": "^0.36.2",
        "@aws-cdk/aws-iam": "^0.36.2",
        "@aws-cdk/aws-lambda": "^0.36.2",
        "@aws-cdk/aws-sns": "^0.36.2",
        "@aws-cdk/aws-sns-subscriptions": "^0.36.2",
        "@aws-cdk/aws-sqs": "^0.36.2",
        "@aws-cdk/aws-stepfunctions": "^0.36.2",
        "@aws-cdk/core": "^0.36.2",
        "@aws-cdk/custom-resources": "^0.36.2"
      }
    },
    "@aws-cdk/aws-iam": {
      "version": "0.36.2",
      "resolved": "https://registry.npmjs.org/@aws-cdk/aws-iam/-/aws-iam-0.36.2.tgz",
      "integrity": "sha512-gKFI5RPU6SXWJZ4YBjPuYWz3ncM4hlTCHgqoyAGiauw91qQT5jbYEtu2p7U4mqcfJDd0q5SsvbAvj2BuJdOZ8w==",
      "requires": {
        "@aws-cdk/core": "^0.36.2",
        "@aws-cdk/region-info": "^0.36.2"
      }
    },
    "@aws-cdk/aws-kms": {
      "version": "0.36.2",
      "resolved": "https://registry.npmjs.org/@aws-cdk/aws-kms/-/aws-kms-0.36.2.tgz",
      "integrity": "sha512-Q2vCvJXNDfIGmGJWNaD6EmfwhLQ5ioMcfkwSMGo02tvBltpQL0+jtuIOr8jpvRFvACAN2YSopqeQGGhnjPVIaQ==",
      "requires": {
        "@aws-cdk/aws-iam": "^0.36.2",
        "@aws-cdk/core": "^0.36.2"
      }
    },
    "@aws-cdk/aws-lambda": {
      "version": "0.36.2",
      "resolved": "https://registry.npmjs.org/@aws-cdk/aws-lambda/-/aws-lambda-0.36.2.tgz",
      "integrity": "sha512-SUgObSG4HcW6mBCnOud3DstUT2MYKtNUnnXiym6XFbc6hbEv7CBtJVYFQZjkeoOAxQoTNfjchm6+M3sp6bxtPQ==",
      "requires": {
        "@aws-cdk/aws-cloudwatch": "^0.36.2",
        "@aws-cdk/aws-ec2": "^0.36.2",
        "@aws-cdk/aws-events": "^0.36.2",
        "@aws-cdk/aws-iam": "^0.36.2",
        "@aws-cdk/aws-logs": "^0.36.2",
        "@aws-cdk/aws-s3": "^0.36.2",
        "@aws-cdk/aws-s3-assets": "^0.36.2",
        "@aws-cdk/aws-sqs": "^0.36.2",
        "@aws-cdk/core": "^0.36.2",
        "@aws-cdk/cx-api": "^0.36.2"
      }
    },
    "@aws-cdk/aws-logs": {
      "version": "0.36.2",
      "resolved": "https://registry.npmjs.org/@aws-cdk/aws-logs/-/aws-logs-0.36.2.tgz",
      "integrity": "sha512-VV6WB1F32Csmp6Y1nFLg0cVn3EnfyW8EdbMFInacsrOBVagatdAjMrsztAVl9m9L/LJF6Y3uqwsz2dAH84jpPw==",
      "requires": {
        "@aws-cdk/aws-cloudwatch": "^0.36.2",
        "@aws-cdk/aws-iam": "^0.36.2",
        "@aws-cdk/core": "^0.36.2"
      }
    },
    "@aws-cdk/aws-route53": {
      "version": "0.36.2",
      "resolved": "https://registry.npmjs.org/@aws-cdk/aws-route53/-/aws-route53-0.36.2.tgz",
      "integrity": "sha512-x7jNVWdsUTDj9GH9/EtWMSi0Kj6YMRMuY9CWe3YuZ+PdCnakfCt4PK0ALj3pUqBEN1oS0g/QTlE258MnNdSm7A==",
      "requires": {
        "@aws-cdk/aws-ec2": "^0.36.2",
        "@aws-cdk/aws-logs": "^0.36.2",
        "@aws-cdk/core": "^0.36.2",
        "@aws-cdk/cx-api": "^0.36.2"
      }
    },
    "@aws-cdk/aws-route53-targets": {
      "version": "0.36.2",
      "resolved": "https://registry.npmjs.org/@aws-cdk/aws-route53-targets/-/aws-route53-targets-0.36.2.tgz",
      "integrity": "sha512-9cZn/6SVMKeeswi1jr4O702ArRiE4fq+L5/sG8BPLz6UOk2spkLn5xOucGa04ioA5ua+cF4D/M5Fq+biaQmyeg==",
      "requires": {
        "@aws-cdk/aws-apigateway": "^0.36.2",
        "@aws-cdk/aws-cloudfront": "^0.36.2",
        "@aws-cdk/aws-elasticloadbalancingv2": "^0.36.2",
        "@aws-cdk/aws-iam": "^0.36.2",
        "@aws-cdk/aws-route53": "^0.36.2",
        "@aws-cdk/core": "^0.36.2"
      }
    },
    "@aws-cdk/aws-s3": {
      "version": "0.36.2",
      "resolved": "https://registry.npmjs.org/@aws-cdk/aws-s3/-/aws-s3-0.36.2.tgz",
      "integrity": "sha512-UcSZRbxrj/4s72DYRzDEy5qsG5LI5rUExNSYk71xJWksPy93B6W0j8hYUu9TkrUd+WX4oNwnXLpFek6zAYSAJA==",
      "requires": {
        "@aws-cdk/aws-events": "^0.36.2",
        "@aws-cdk/aws-iam": "^0.36.2",
        "@aws-cdk/aws-kms": "^0.36.2",
        "@aws-cdk/core": "^0.36.2"
      }
    },
    "@aws-cdk/aws-s3-assets": {
      "version": "0.36.2",
      "resolved": "https://registry.npmjs.org/@aws-cdk/aws-s3-assets/-/aws-s3-assets-0.36.2.tgz",
      "integrity": "sha512-kj8LlVE/acYiM+CBWrtyKoM7mER9LO/bxMTVeKPUryyzqaYKGjIKn9CxExhkiBzlRV8wU6b/uXfZbjrGPTxaDw==",
      "requires": {
        "@aws-cdk/assets": "^0.36.2",
        "@aws-cdk/aws-iam": "^0.36.2",
        "@aws-cdk/aws-s3": "^0.36.2",
        "@aws-cdk/core": "^0.36.2",
        "@aws-cdk/cx-api": "^0.36.2"
      }
    },
    "@aws-cdk/aws-secretsmanager": {
      "version": "0.36.2",
      "resolved": "https://registry.npmjs.org/@aws-cdk/aws-secretsmanager/-/aws-secretsmanager-0.36.2.tgz",
      "integrity": "sha512-4FNYg6QZyWMt5qARMTZTAXBWonbkxGqJ34XQRFE/Aebs49tY6BSpdr5ixmg0p5zA5lBQIfjNXmqw1JJgjakriw==",
      "requires": {
        "@aws-cdk/aws-ec2": "^0.36.2",
        "@aws-cdk/aws-iam": "^0.36.2",
        "@aws-cdk/aws-kms": "^0.36.2",
        "@aws-cdk/aws-lambda": "^0.36.2",
        "@aws-cdk/core": "^0.36.2"
      }
    },
    "@aws-cdk/aws-servicediscovery": {
      "version": "0.36.2",
      "resolved": "https://registry.npmjs.org/@aws-cdk/aws-servicediscovery/-/aws-servicediscovery-0.36.2.tgz",
      "integrity": "sha512-3e86PpjQMuufLOTM7SneYJgc53zHuursZ/t2V7cswUx41f0kfHpcUIWlKLGu5USQjSjGGVM39SHkaSqiHlqQJQ==",
      "requires": {
        "@aws-cdk/aws-ec2": "^0.36.2",
        "@aws-cdk/aws-elasticloadbalancingv2": "^0.36.2",
        "@aws-cdk/aws-route53": "^0.36.2",
        "@aws-cdk/core": "^0.36.2"
      }
    },
    "@aws-cdk/aws-sns": {
      "version": "0.36.2",
      "resolved": "https://registry.npmjs.org/@aws-cdk/aws-sns/-/aws-sns-0.36.2.tgz",
      "integrity": "sha512-aWrt9LWoOPvEVtezP7+KmlHh3aFlULRTlH0WLRxjZqu0rDaSSrmoo2c/aRJKOx/CbWcfhtxjsJ+g+wXWfJsKoA==",
      "requires": {
        "@aws-cdk/aws-cloudwatch": "^0.36.2",
        "@aws-cdk/aws-events": "^0.36.2",
        "@aws-cdk/aws-iam": "^0.36.2",
        "@aws-cdk/core": "^0.36.2"
      }
    },
    "@aws-cdk/aws-sns-subscriptions": {
      "version": "0.36.2",
      "resolved": "https://registry.npmjs.org/@aws-cdk/aws-sns-subscriptions/-/aws-sns-subscriptions-0.36.2.tgz",
      "integrity": "sha512-2kQbY7MFtLinxuR94j3QhBJ46lpEpMWBGnOqzsCGGlnIQHhSBBL4e4CgBjcwWVMkbtOOrMeMWepd8R96uEentQ==",
      "requires": {
        "@aws-cdk/aws-iam": "^0.36.2",
        "@aws-cdk/aws-lambda": "^0.36.2",
        "@aws-cdk/aws-sns": "^0.36.2",
        "@aws-cdk/aws-sqs": "^0.36.2",
        "@aws-cdk/core": "^0.36.2"
      }
    },
    "@aws-cdk/aws-sqs": {
      "version": "0.36.2",
      "resolved": "https://registry.npmjs.org/@aws-cdk/aws-sqs/-/aws-sqs-0.36.2.tgz",
      "integrity": "sha512-HiTt6VBT5rLt01nYgwsA4w/suNn0FUeftQKsAhqvXVxJp2NPFRTCfhZKkMYGmR5Q+32tFRBy0JBUoNeLnf9kow==",
      "requires": {
        "@aws-cdk/aws-cloudwatch": "^0.36.2",
        "@aws-cdk/aws-iam": "^0.36.2",
        "@aws-cdk/aws-kms": "^0.36.2",
        "@aws-cdk/core": "^0.36.2"
      }
    },
    "@aws-cdk/aws-ssm": {
      "version": "0.36.2",
      "resolved": "https://registry.npmjs.org/@aws-cdk/aws-ssm/-/aws-ssm-0.36.2.tgz",
      "integrity": "sha512-JZrz6JKfb2qIKsLnbdkf+dXhDGXt3SJJdSZXeGN7tQjSoxhJAs5CI35XxLpx41OV+Ze9reN42s20KLGlWrx1SA==",
      "requires": {
        "@aws-cdk/aws-iam": "^0.36.2",
        "@aws-cdk/core": "^0.36.2",
        "@aws-cdk/cx-api": "^0.36.2"
      }
    },
    "@aws-cdk/aws-stepfunctions": {
      "version": "0.36.2",
      "resolved": "https://registry.npmjs.org/@aws-cdk/aws-stepfunctions/-/aws-stepfunctions-0.36.2.tgz",
      "integrity": "sha512-0gYwOwg2OU3uXTHJ8/Zao+9GHENwQ3JhWtE7sgZJvItlXnAHjCx8rlOS6CeBOgYDBeYD3FTsBoSeMRxzc3QIww==",
      "requires": {
        "@aws-cdk/aws-cloudwatch": "^0.36.2",
        "@aws-cdk/aws-events": "^0.36.2",
        "@aws-cdk/aws-iam": "^0.36.2",
        "@aws-cdk/core": "^0.36.2"
      }
    },
    "@aws-cdk/core": {
      "version": "0.36.2",
      "resolved": "https://registry.npmjs.org/@aws-cdk/core/-/core-0.36.2.tgz",
      "integrity": "sha512-AXFboHVrCyCc5ZETxzF/RUaK90AphV15/o4nOxCnOxcyfn6d69jmM0rNn3XXbGE8Xe6aoze21L8fUeLP2UqKLw==",
      "requires": {
        "@aws-cdk/cx-api": "^0.36.2"
      }
    },
    "@aws-cdk/custom-resources": {
      "version": "0.36.2",
      "resolved": "https://registry.npmjs.org/@aws-cdk/custom-resources/-/custom-resources-0.36.2.tgz",
      "integrity": "sha512-iaf5CiEVGV135d6wKO4/TSsFVMS6GPGVmAo1a5JvjxYit4ioTCydO1Qx1hgDYm7UFF4yvEa3lyfJprocmWQKOg==",
      "requires": {
        "@aws-cdk/aws-cloudformation": "^0.36.2",
        "@aws-cdk/aws-iam": "^0.36.2",
        "@aws-cdk/aws-lambda": "^0.36.2",
        "@aws-cdk/aws-sns": "^0.36.2",
        "@aws-cdk/core": "^0.36.2"
      }
    },
    "@aws-cdk/cx-api": {
      "version": "0.36.2",
      "resolved": "https://registry.npmjs.org/@aws-cdk/cx-api/-/cx-api-0.36.2.tgz",
      "integrity": "sha512-+cGxloAbOvDxHCM2SVtaJpKL5kzmKb2fJI7rceA1EEMS0equqyOPk99Y9NKdOsR77zR3lgSA4L7akOTqmN39Gg==",
      "requires": {
        "semver": "^6.1.1"
      },
      "dependencies": {
        "semver": {
          "version": "6.1.1",
          "bundled": true
        }
      }
    },
    "@aws-cdk/region-info": {
      "version": "0.36.2",
      "resolved": "https://registry.npmjs.org/@aws-cdk/region-info/-/region-info-0.36.2.tgz",
      "integrity": "sha512-T0k3GVd67Wkq9FRFv0omenj5f1Od3OPfFTfJfNschwGyAwe03XVfgYznYe4D31LoNoVqS+sNrxfJng3PdmDDlg=="
    }
  }
}
